// !$*UTF8*$!
{
	archiveVersion = 1;
	classes = {
	};
	objectVersion = 50;
	objects = {

/* Begin PBXBuildFile section */
		CEA086C621D2099F006FCF49 /* AppDelegate.swift in Sources */ = {isa = PBXBuildFile; fileRef = CEA086C521D2099F006FCF49 /* AppDelegate.swift */; };
		CEA086C821D2099F006FCF49 /* ViewController.swift in Sources */ = {isa = PBXBuildFile; fileRef = CEA086C721D2099F006FCF49 /* ViewController.swift */; };
		CEA086CB21D2099F006FCF49 /* Main.storyboard in Resources */ = {isa = PBXBuildFile; fileRef = CEA086C921D2099F006FCF49 /* Main.storyboard */; };
		CEA086CD21D209B6006FCF49 /* Assets.xcassets in Resources */ = {isa = PBXBuildFile; fileRef = CEA086CC21D209B6006FCF49 /* Assets.xcassets */; };
		CEA086D021D209B6006FCF49 /* LaunchScreen.storyboard in Resources */ = {isa = PBXBuildFile; fileRef = CEA086CE21D209B6006FCF49 /* LaunchScreen.storyboard */; };
		CEA086D821D20BA9006FCF49 /* AUserContentController.swift in Sources */ = {isa = PBXBuildFile; fileRef = CEA086D721D20BA9006FCF49 /* AUserContentController.swift */; };
		CEA086DA21D214D3006FCF49 /* index.html in Resources */ = {isa = PBXBuildFile; fileRef = CEA086D921D214D3006FCF49 /* index.html */; };
/* End PBXBuildFile section */

/* Begin PBXFileReference section */
		CEA086C221D2099F006FCF49 /* WKUserContentController.app */ = {isa = PBXFileReference; explicitFileType = wrapper.application; includeInIndex = 0; path = WKUserContentController.app; sourceTree = BUILT_PRODUCTS_DIR; };
		CEA086C521D2099F006FCF49 /* AppDelegate.swift */ = {isa = PBXFileReference; lastKnownFileType = sourcecode.swift; path = AppDelegate.swift; sourceTree = "<group>"; };
		CEA086C721D2099F006FCF49 /* ViewController.swift */ = {isa = PBXFileReference; lastKnownFileType = sourcecode.swift; path = ViewController.swift; sourceTree = "<group>"; };
		CEA086CA21D2099F006FCF49 /* Base */ = {isa = PBXFileReference; lastKnownFileType = file.storyboard; name = Base; path = Base.lproj/Main.storyboard; sourceTree = "<group>"; };
		CEA086CC21D209B6006FCF49 /* Assets.xcassets */ = {isa = PBXFileReference; lastKnownFileType = folder.assetcatalog; path = Assets.xcassets; sourceTree = "<group>"; };
		CEA086CF21D209B6006FCF49 /* Base */ = {isa = PBXFileReference; lastKnownFileType = file.storyboard; name = Base; path = Base.lproj/LaunchScreen.storyboard; sourceTree = "<group>"; };
		CEA086D121D209B6006FCF49 /* Info.plist */ = {isa = PBXFileReference; lastKnownFileType = text.plist.xml; path = Info.plist; sourceTree = "<group>"; };
		CEA086D721D20BA9006FCF49 /* AUserContentController.swift */ = {isa = PBXFileReference; lastKnownFileType = sourcecode.swift; path = AUserContentController.swift; sourceTree = "<group>"; };
		CEA086D921D214D3006FCF49 /* index.html */ = {isa = PBXFileReference; fileEncoding = 4; lastKnownFileType = text.html; path = index.html; sourceTree = "<group>"; };
/* End PBXFileReference section */

/* Begin PBXFrameworksBuildPhase section */
		CEA086BF21D2099F006FCF49 /* Frameworks */ = {
			isa = PBXFrameworksBuildPhase;
			buildActionMask = 2147483647;
			files = (
			);
			runOnlyForDeploymentPostprocessing = 0;
		};
/* End PBXFrameworksBuildPhase section */

/* Begin PBXGroup section */
		CEA086B921D2099F006FCF49 = {
			isa = PBXGroup;
			children = (
				CEA086C421D2099F006FCF49 /* WKUserContentController */,
				CEA086C321D2099F006FCF49 /* Products */,
			);
			sourceTree = "<group>";
		};
		CEA086C321D2099F006FCF49 /* Products */ = {
			isa = PBXGroup;
			children = (
				CEA086C221D2099F006FCF49 /* WKUserContentController.app */,
			);
			name = Products;
			sourceTree = "<group>";
		};
		CEA086C421D2099F006FCF49 /* WKUserContentController */ = {
			isa = PBXGroup;
			children = (
				CEA086D921D214D3006FCF49 /* index.html */,
				CEA086C521D2099F006FCF49 /* AppDelegate.swift */,
				CEA086C721D2099F006FCF49 /* ViewController.swift */,
				CEA086C921D2099F006FCF49 /* Main.storyboard */,
				CEA086CC21D209B6006FCF49 /* Assets.xcassets */,
				CEA086CE21D209B6006FCF49 /* LaunchScreen.storyboard */,
				CEA086D121D209B6006FCF49 /* Info.plist */,
				CEA086D721D20BA9006FCF49 /* AUserContentController.swift */,
			);
			path = WKUserContentController;
			sourceTree = "<group>";
		};
/* End PBXGroup section */

/* Begin PBXNativeTarget section */
		CEA086C121D2099F006FCF49 /* WKUserContentController */ = {
			isa = PBXNativeTarget;
			buildConfigurationList = CEA086D421D209B6006FCF49 /* Build configuration list for PBXNativeTarget "WKUserContentController" */;
			buildPhases = (
				CEA086BE21D2099F006FCF49 /* Sources */,
				CEA086BF21D2099F006FCF49 /* Frameworks */,
				CEA086C021D2099F006FCF49 /* Resources */,
			);
			buildRules = (
			);
			dependencies = (
			);
			name = WKUserContentController;
			productName = WKUserContentController;
			productReference = CEA086C221D2099F006FCF49 /* WKUserContentController.app */;
			productType = "com.apple.product-type.application";
		};
/* End PBXNativeTarget section */

/* Begin PBXProject section */
		CEA086BA21D2099F006FCF49 /* Project object */ = {
			isa = PBXProject;
			attributes = {
				LastSwiftUpdateCheck = 1010;
				LastUpgradeCheck = 1010;
				ORGANIZATIONNAME = jianghongbing;
				TargetAttributes = {
					CEA086C121D2099F006FCF49 = {
						CreatedOnToolsVersion = 10.1;
					};
				};
			};
			buildConfigurationList = CEA086BD21D2099F006FCF49 /* Build configuration list for PBXProject "WKUserContentController" */;
			compatibilityVersion = "Xcode 9.3";
			developmentRegion = en;
			hasScannedForEncodings = 0;
			knownRegions = (
				en,
				Base,
			);
			mainGroup = CEA086B921D2099F006FCF49;
			productRefGroup = CEA086C321D2099F006FCF49 /* Products */;
			projectDirPath = "";
			projectRoot = "";
			targets = (
				CEA086C121D2099F006FCF49 /* WKUserContentController */,
			);
		};
/* End PBXProject section */

/* Begin PBXResourcesBuildPhase section */
		CEA086C021D2099F006FCF49 /* Resources */ = {
			isa = PBXResourcesBuildPhase;
			buildActionMask = 2147483647;
			files = (
				CEA086D021D209B6006FCF49 /* LaunchScreen.storyboard in Resources */,
				CEA086DA21D214D3006FCF49 /* index.html in Resources */,
				CEA086CD21D209B6006FCF49 /* Assets.xcassets in Resources */,
				CEA086CB21D2099F006FCF49 /* Main.storyboard in Resources */,
			);
			runOnlyForDeploymentPostprocessing = 0;
		};
/* End PBXResourcesBuildPhase section */

/* Begin PBXSourcesBuildPhase section */
		CEA086BE21D2099F006FCF49 /* Sources */ = {
			isa = PBXSourcesBuildPhase;
			buildActionMask = 2147483647;
			files = (
				CEA086C821D2099F006FCF49 /* ViewController.swift in Sources */,
				CEA086C621D2099F006FCF49 /* AppDelegate.swift in Sources */,
				CEA086D821D20BA9006FCF49 /* AUserContentController.swift in Sources */,
			);
			runOnlyForDeploymentPostprocessing = 0;
		};
/* End PBXSourcesBuildPhase section */

/* Begin PBXVariantGroup section */
		CEA086C921D2099F006FCF49 /* Main.storyboard */ = {
			isa = PBXVariantGroup;
			children = (
				CEA086CA21D2099F006FCF49 /* Base */,
			);
			name = Main.storyboard;
			sourceTree = "<group>";
		};
		CEA086CE21D209B6006FCF49 /* LaunchScreen.storyboard */ = {
			isa = PBXVariantGroup;
			children = (
				CEA086CF21D209B6006FCF49 /* Base */,
			);
			name = LaunchScreen.storyboard;
			sourceTree = "<group>";
		};
/* End PBXVariantGroup section */

/* Begin XCBuildConfiguration section */
		CEA086D221D209B6006FCF49 /* Debug */ = {
			isa = XCBuildConfiguration;
			buildSettings = {
				ALWAYS_SEARCH_USER_PATHS = NO;
				CLANG_ANALYZER_NONNULL = YES;
				CLANG_ANALYZER_NUMBER_OBJECT_CONVERSION = YES_AGGRESSIVE;
				CLANG_CXX_LANGUAGE_STANDARD = "gnu++14";
				CLANG_CXX_LIBRARY = "libc++";
				CLANG_ENABLE_MODULES = YES;
				CLANG_ENABLE_OBJC_ARC = YES;
				CLANG_ENABLE_OBJC_WEAK = YES;
				CLANG_WARN_BLOCK_CAPTURE_AUTORELEASING = YES;
				CLANG_WARN_BOOL_CONVERSION = YES;
				CLANG_WARN_COMMA = YES;
				CLANG_WARN_CONSTANT_CONVERSION = YES;
				CLANG_WARN_DEPRECATED_OBJC_IMPLEMENTATIONS = YES;
				CLANG_WARN_DIRECT_OBJC_ISA_USAGE = YES_ERROR;
				CLANG_WARN_DOCUMENTATION_COMMENTS = YES;
				CLANG_WARN_EMPTY_BODY = YES;
				CLANG_WARN_ENUM_CONVERSION = YES;
				CLANG_WARN_INFINITE_RECURSION = YES;
				CLANG_WARN_INT_CONVERSION = YES;
				CLANG_WARN_NON_LITERAL_NULL_CONVERSION = YES;
				CLANG_WARN_OBJC_IMPLICIT_RETAIN_SELF = YES;
				CLANG_WARN_OBJC_LITERAL_CONVERSION = YES;
				CLANG_WARN_OBJC_ROOT_CLASS = YES_ERROR;
				CLANG_WARN_RANGE_LOOP_ANALYSIS = YES;
				CLANG_WARN_STRICT_PROTOTYPES = YES;
				CLANG_WARN_SUSPICIOUS_MOVE = YES;
				CLANG_WARN_UNGUARDED_AVAILABILITY = YES_AGGRESSIVE;
				CLANG_WARN_UNREACHABLE_CODE = YES;
				CLANG_WARN__DUPLICATE_METHOD_MATCH = YES;
				CODE_SIGN_IDENTITY = "iPhone Developer";
				COPY_PHASE_STRIP = NO;
				DEBUG_INFORMATION_FORMAT = dwarf;
				ENABLE_STRICT_OBJC_MSGSEND = YES;
				ENABLE_TESTABILITY = YES;
				GCC_C_LANGUAGE_STANDARD = gnu11;
				GCC_DYNAMIC_NO_PIC = NO;
				GCC_NO_COMMON_BLOCKS = YES;
				GCC_OPTIMIZATION_LEVEL = 0;
				GCC_PREPROCESSOR_DEFINITIONS = (
					"DEBUG=1",
					"$(inherited)",
				);
				GCC_WARN_64_TO_32_BIT_CONVERSION = YES;
				GCC_WARN_ABOUT_RETURN_TYPE = YES_ERROR;
				GCC_WARN_UNDECLARED_SELECTOR = YES;
				GCC_WARN_UNINITIALIZED_AUTOS = YES_AGGRESSIVE;
				GCC_WARN_UNUSED_FUNCTION = YES;
				GCC_WARN_UNUSED_VARIABLE = YES;
				IPHONEOS_DEPLOYMENT_TARGET = 12.1;
				MTL_ENABLE_DEBUG_INFO = INCLUDE_SOURCE;
				MTL_FAST_MATH = YES;
				ONLY_ACTIVE_ARCH = YES;
				SDKROOT = iphoneos;
				SWIFT_ACTIVE_COMPILATION_CONDITIONS = DEBUG;
				SWIFT_OPTIMIZATION_LEVEL = "-Onone";
			};
			name = Debug;
		};
		CEA086D321D209B6006FCF49 /* Release */ = {
			isa = XCBuildConfiguration;
			buildSettings = {
				ALWAYS_SEARCH_USER_PATHS = NO;
				CLANG_ANALYZER_NONNULL = YES;
				CLANG_ANALYZER_NUMBER_OBJECT_CONVERSION = YES_AGGRESSIVE;
				CLANG_CXX_LANGUAGE_STANDARD = "gnu++14";
				CLANG_CXX_LIBRARY = "libc++";
				CLANG_ENABLE_MODULES = YES;
				CLANG_ENABLE_OBJC_ARC = YES;
				CLANG_ENABLE_OBJC_WEAK = YES;
				CLANG_WARN_BLOCK_CAPTURE_AUTORELEASING = YES;
				CLANG_WARN_BOOL_CONVERSION = YES;
				CLANG_WARN_COMMA = YES;
				CLANG_WARN_CONSTANT_CONVERSION = YES;
				CLANG_WARN_DEPRECATED_OBJC_IMPLEMENTATIONS = YES;
				CLANG_WARN_DIRECT_OBJC_ISA_USAGE = YES_ERROR;
				CLANG_WARN_DOCUMENTATION_COMMENTS = YES;
				CLANG_WARN_EMPTY_BODY = YES;
				CLANG_WARN_ENUM_CONVERSION = YES;
				CLANG_WARN_INFINITE_RECURSION = YES;
				CLANG_WARN_INT_CONVERSION = YES;
				CLANG_WARN_NON_LITERAL_NULL_CONVERSION = YES;
				CLANG_WARN_OBJC_IMPLICIT_RETAIN_SELF = YES;
				CLANG_WARN_OBJC_LITERAL_CONVERSION = YES;
				CLANG_WARN_OBJC_ROOT_CLASS = YES_ERROR;
				CLANG_WARN_RANGE_LOOP_ANALYSIS = YES;
				CLANG_WARN_STRICT_PROTOTYPES = YES;
				CLANG_WARN_SUSPICIOUS_MOVE = YES;
				CLANG_WARN_UNGUARDED_AVAILABILITY = YES_AGGRESSIVE;
				CLANG_WARN_UNREACHABLE_CODE = YES;
				CLANG_WARN__DUPLICATE_METHOD_MATCH = YES;
				CODE_SIGN_IDENTITY = "iPhone Developer";
				COPY_PHASE_STRIP = NO;
				DEBUG_INFORMATION_FORMAT = "dwarf-with-dsym";
				ENABLE_NS_ASSERTIONS = NO;
				ENABLE_STRICT_OBJC_MSGSEND = YES;
				GCC_C_LANGUAGE_STANDARD = gnu11;
				GCC_NO_COMMON_BLOCKS = YES;
				GCC_WARN_64_TO_32_BIT_CONVERSION = YES;
				GCC_WARN_ABOUT_RETURN_TYPE = YES_ERROR;
				GCC_WARN_UNDECLARED_SELECTOR = YES;
				GCC_WARN_UNINITIALIZED_AUTOS = YES_AGGRESSIVE;
				GCC_WARN_UNUSED_FUNCTION = YES;
				GCC_WARN_UNUSED_VARIABLE = YES;
				IPHONEOS_DEPLOYMENT_TARGET = 12.1;
				MTL_ENABLE_DEBUG_INFO = NO;
				MTL_FAST_MATH = YES;
				SDKROOT = iphoneos;
				SWIFT_COMPILATION_MODE = wholemodule;
				SWIFT_OPTIMIZATION_LEVEL = "-O";
				VALIDATE_PRODUCT = YES;
			};
			name = Release;
		};
		CEA086D521D209B6006FCF49 /* Debug */ = {
			isa = XCBuildConfiguration;
			buildSettings = {
				ASSETCATALOG_COMPILER_APPICON_NAME = AppIcon;
				CODE_SIGN_STYLE = Manual;
				DEVELOPMENT_TEAM = WSQMLX487W;
				INFOPLIST_FILE = WKUserContentController/Info.plist;
				IPHONEOS_DEPLOYMENT_TARGET = 11.0;
				LD_RUNPATH_SEARCH_PATHS = (
					"$(inherited)",
					"@executable_path/Frameworks",
				);
				PRODUCT_BUNDLE_IDENTIFIER = com.jianghongbing.WKUserContentController;
				PRODUCT_NAME = "$(TARGET_NAME)";
				PROVISIONING_PROFILE_SPECIFIER = ios_development;
				SWIFT_VERSION = 4.2;
				TARGETED_DEVICE_FAMILY = "1,2";
			};
			name = Debug;
		};
		CEA086D621D209B6006FCF49 /* Release */ = {
			isa = XCBuildConfiguration;
			buildSettings = {
				ASSETCATALOG_COMPILER_APPICON_NAME = AppIcon;
				CODE_SIGN_IDENTITY = "iPhone Distribution";
				CODE_SIGN_STYLE = Manual;
				DEVELOPMENT_TEAM = WSQMLX487W;
				INFOPLIST_FILE = WKUserContentController/Info.plist;
				IPHONEOS_DEPLOYMENT_TARGET = 11.0;
				LD_RUNPATH_SEARCH_PATHS = (
					"$(inherited)",
					"@executable_path/Frameworks",
				);
				PRODUCT_BUNDLE_IDENTIFIER = com.jianghongbing.WKUserContentController;
				PRODUCT_NAME = "$(TARGET_NAME)";
				PROVISIONING_PROFILE_SPECIFIER = ios_adhoc;
				SWIFT_VERSION = 4.2;
				TARGETED_DEVICE_FAMILY = "1,2";
			};
			name = Release;
		};
/* End XCBuildConfiguration section */

/* Begin XCConfigurationList section */
		CEA086BD21D2099F006FCF49 /* Build configuration list for PBXProject "WKUserContentController" */ = {
			isa = XCConfigurationList;
			buildConfigurations = (
				CEA086D221D209B6006FCF49 /* Debug */,
				CEA086D321D209B6006FCF49 /* Release */,
			);
			defaultConfigurationIsVisible = 0;
			defaultConfigurationName = Release;
		};
		CEA086D421D209B6006FCF49 /* Build configuration list for PBXNativeTarget "WKUserContentController" */ = {
			isa = XCConfigurationList;
			buildConfigurations = (
				CEA086D521D209B6006FCF49 /* Debug */,
				CEA086D621D209B6006FCF49 /* Release */,
			);
			defaultConfigurationIsVisible = 0;
			defaultConfigurationName = Release;
		};
/* End XCConfigurationList section */
	};
	rootObject = CEA086BA21D2099F006FCF49 /* Project object */;
}
