// !$*UTF8*$!
{
	archiveVersion = 1;
	classes = {
	};
	objectVersion = 46;
	objects = {

/* Begin PBXBuildFile section */
		CEA5B3D51EF779F100AD9853 /* AppDelegate.swift in Sources */ = {isa = PBXBuildFile; fileRef = CEA5B3D41EF779F100AD9853 /* AppDelegate.swift */; };
		CEA5B3DA1EF779F100AD9853 /* Main.storyboard in Resources */ = {isa = PBXBuildFile; fileRef = CEA5B3D81EF779F100AD9853 /* Main.storyboard */; };
		CEA5B3DC1EF779F100AD9853 /* Assets.xcassets in Resources */ = {isa = PBXBuildFile; fileRef = CEA5B3DB1EF779F100AD9853 /* Assets.xcassets */; };
		CEA5B3DF1EF779F100AD9853 /* LaunchScreen.storyboard in Resources */ = {isa = PBXBuildFile; fileRef = CEA5B3DD1EF779F100AD9853 /* LaunchScreen.storyboard */; };
		CEA5B3E71EF79A0D00AD9853 /* TableViewController.swift in Sources */ = {isa = PBXBuildFile; fileRef = CEA5B3E61EF79A0D00AD9853 /* TableViewController.swift */; };
		CEA5B3E91EF79C5900AD9853 /* ResultTableViewController.swift in Sources */ = {isa = PBXBuildFile; fileRef = CEA5B3E81EF79C5900AD9853 /* ResultTableViewController.swift */; };
		CEA5B3F21EF7BED400AD9853 /* ItemDetailViewController.swift in Sources */ = {isa = PBXBuildFile; fileRef = CEA5B3F01EF7BED400AD9853 /* ItemDetailViewController.swift */; };
		CEA5B3F31EF7BED400AD9853 /* ItemDetailViewController.xib in Resources */ = {isa = PBXBuildFile; fileRef = CEA5B3F11EF7BED400AD9853 /* ItemDetailViewController.xib */; };
/* End PBXBuildFile section */

/* Begin PBXFileReference section */
		CEA5B3D11EF779F100AD9853 /* UISearchController.app */ = {isa = PBXFileReference; explicitFileType = wrapper.application; includeInIndex = 0; path = UISearchController.app; sourceTree = BUILT_PRODUCTS_DIR; };
		CEA5B3D41EF779F100AD9853 /* AppDelegate.swift */ = {isa = PBXFileReference; lastKnownFileType = sourcecode.swift; path = AppDelegate.swift; sourceTree = "<group>"; };
		CEA5B3D91EF779F100AD9853 /* Base */ = {isa = PBXFileReference; lastKnownFileType = file.storyboard; name = Base; path = Base.lproj/Main.storyboard; sourceTree = "<group>"; };
		CEA5B3DB1EF779F100AD9853 /* Assets.xcassets */ = {isa = PBXFileReference; lastKnownFileType = folder.assetcatalog; path = Assets.xcassets; sourceTree = "<group>"; };
		CEA5B3DE1EF779F100AD9853 /* Base */ = {isa = PBXFileReference; lastKnownFileType = file.storyboard; name = Base; path = Base.lproj/LaunchScreen.storyboard; sourceTree = "<group>"; };
		CEA5B3E01EF779F100AD9853 /* Info.plist */ = {isa = PBXFileReference; lastKnownFileType = text.plist.xml; path = Info.plist; sourceTree = "<group>"; };
		CEA5B3E61EF79A0D00AD9853 /* TableViewController.swift */ = {isa = PBXFileReference; fileEncoding = 4; lastKnownFileType = sourcecode.swift; path = TableViewController.swift; sourceTree = "<group>"; };
		CEA5B3E81EF79C5900AD9853 /* ResultTableViewController.swift */ = {isa = PBXFileReference; fileEncoding = 4; lastKnownFileType = sourcecode.swift; path = ResultTableViewController.swift; sourceTree = "<group>"; };
		CEA5B3F01EF7BED400AD9853 /* ItemDetailViewController.swift */ = {isa = PBXFileReference; fileEncoding = 4; lastKnownFileType = sourcecode.swift; path = ItemDetailViewController.swift; sourceTree = "<group>"; };
		CEA5B3F11EF7BED400AD9853 /* ItemDetailViewController.xib */ = {isa = PBXFileReference; fileEncoding = 4; lastKnownFileType = file.xib; path = ItemDetailViewController.xib; sourceTree = "<group>"; };
/* End PBXFileReference section */

/* Begin PBXFrameworksBuildPhase section */
		CEA5B3CE1EF779F100AD9853 /* Frameworks */ = {
			isa = PBXFrameworksBuildPhase;
			buildActionMask = 2147483647;
			files = (
			);
			runOnlyForDeploymentPostprocessing = 0;
		};
/* End PBXFrameworksBuildPhase section */

/* Begin PBXGroup section */
		CEA5B3C81EF779F100AD9853 = {
			isa = PBXGroup;
			children = (
				CEA5B3D31EF779F100AD9853 /* UISearchController */,
				CEA5B3D21EF779F100AD9853 /* Products */,
			);
			sourceTree = "<group>";
		};
		CEA5B3D21EF779F100AD9853 /* Products */ = {
			isa = PBXGroup;
			children = (
				CEA5B3D11EF779F100AD9853 /* UISearchController.app */,
			);
			name = Products;
			sourceTree = "<group>";
		};
		CEA5B3D31EF779F100AD9853 /* UISearchController */ = {
			isa = PBXGroup;
			children = (
				CEA5B3D41EF779F100AD9853 /* AppDelegate.swift */,
				CEA5B3E61EF79A0D00AD9853 /* TableViewController.swift */,
				CEA5B3E81EF79C5900AD9853 /* ResultTableViewController.swift */,
				CEA5B3F01EF7BED400AD9853 /* ItemDetailViewController.swift */,
				CEA5B3F11EF7BED400AD9853 /* ItemDetailViewController.xib */,
				CEA5B3D81EF779F100AD9853 /* Main.storyboard */,
				CEA5B3DB1EF779F100AD9853 /* Assets.xcassets */,
				CEA5B3DD1EF779F100AD9853 /* LaunchScreen.storyboard */,
				CEA5B3E01EF779F100AD9853 /* Info.plist */,
			);
			path = UISearchController;
			sourceTree = "<group>";
		};
/* End PBXGroup section */

/* Begin PBXNativeTarget section */
		CEA5B3D01EF779F100AD9853 /* UISearchController */ = {
			isa = PBXNativeTarget;
			buildConfigurationList = CEA5B3E31EF779F100AD9853 /* Build configuration list for PBXNativeTarget "UISearchController" */;
			buildPhases = (
				CEA5B3CD1EF779F100AD9853 /* Sources */,
				CEA5B3CE1EF779F100AD9853 /* Frameworks */,
				CEA5B3CF1EF779F100AD9853 /* Resources */,
			);
			buildRules = (
			);
			dependencies = (
			);
			name = UISearchController;
			productName = UISearchController;
			productReference = CEA5B3D11EF779F100AD9853 /* UISearchController.app */;
			productType = "com.apple.product-type.application";
		};
/* End PBXNativeTarget section */

/* Begin PBXProject section */
		CEA5B3C91EF779F100AD9853 /* Project object */ = {
			isa = PBXProject;
			attributes = {
				LastSwiftUpdateCheck = 0830;
				LastUpgradeCheck = 0830;
				ORGANIZATIONNAME = jianghongbing;
				TargetAttributes = {
					CEA5B3D01EF779F100AD9853 = {
						CreatedOnToolsVersion = 8.3.3;
						ProvisioningStyle = Automatic;
					};
				};
			};
			buildConfigurationList = CEA5B3CC1EF779F100AD9853 /* Build configuration list for PBXProject "UISearchController" */;
			compatibilityVersion = "Xcode 3.2";
			developmentRegion = English;
			hasScannedForEncodings = 0;
			knownRegions = (
				en,
				Base,
			);
			mainGroup = CEA5B3C81EF779F100AD9853;
			productRefGroup = CEA5B3D21EF779F100AD9853 /* Products */;
			projectDirPath = "";
			projectRoot = "";
			targets = (
				CEA5B3D01EF779F100AD9853 /* UISearchController */,
			);
		};
/* End PBXProject section */

/* Begin PBXResourcesBuildPhase section */
		CEA5B3CF1EF779F100AD9853 /* Resources */ = {
			isa = PBXResourcesBuildPhase;
			buildActionMask = 2147483647;
			files = (
				CEA5B3DF1EF779F100AD9853 /* LaunchScreen.storyboard in Resources */,
				CEA5B3DC1EF779F100AD9853 /* Assets.xcassets in Resources */,
				CEA5B3F31EF7BED400AD9853 /* ItemDetailViewController.xib in Resources */,
				CEA5B3DA1EF779F100AD9853 /* Main.storyboard in Resources */,
			);
			runOnlyForDeploymentPostprocessing = 0;
		};
/* End PBXResourcesBuildPhase section */

/* Begin PBXSourcesBuildPhase section */
		CEA5B3CD1EF779F100AD9853 /* Sources */ = {
			isa = PBXSourcesBuildPhase;
			buildActionMask = 2147483647;
			files = (
				CEA5B3F21EF7BED400AD9853 /* ItemDetailViewController.swift in Sources */,
				CEA5B3D51EF779F100AD9853 /* AppDelegate.swift in Sources */,
				CEA5B3E71EF79A0D00AD9853 /* TableViewController.swift in Sources */,
				CEA5B3E91EF79C5900AD9853 /* ResultTableViewController.swift in Sources */,
			);
			runOnlyForDeploymentPostprocessing = 0;
		};
/* End PBXSourcesBuildPhase section */

/* Begin PBXVariantGroup section */
		CEA5B3D81EF779F100AD9853 /* Main.storyboard */ = {
			isa = PBXVariantGroup;
			children = (
				CEA5B3D91EF779F100AD9853 /* Base */,
			);
			name = Main.storyboard;
			sourceTree = "<group>";
		};
		CEA5B3DD1EF779F100AD9853 /* LaunchScreen.storyboard */ = {
			isa = PBXVariantGroup;
			children = (
				CEA5B3DE1EF779F100AD9853 /* Base */,
			);
			name = LaunchScreen.storyboard;
			sourceTree = "<group>";
		};
/* End PBXVariantGroup section */

/* Begin XCBuildConfiguration section */
		CEA5B3E11EF779F100AD9853 /* Debug */ = {
			isa = XCBuildConfiguration;
			buildSettings = {
				ALWAYS_SEARCH_USER_PATHS = NO;
				CLANG_ANALYZER_NONNULL = YES;
				CLANG_ANALYZER_NUMBER_OBJECT_CONVERSION = YES_AGGRESSIVE;
				CLANG_CXX_LANGUAGE_STANDARD = "gnu++0x";
				CLANG_CXX_LIBRARY = "libc++";
				CLANG_ENABLE_MODULES = YES;
				CLANG_ENABLE_OBJC_ARC = YES;
				CLANG_WARN_BOOL_CONVERSION = YES;
				CLANG_WARN_CONSTANT_CONVERSION = YES;
				CLANG_WARN_DIRECT_OBJC_ISA_USAGE = YES_ERROR;
				CLANG_WARN_DOCUMENTATION_COMMENTS = YES;
				CLANG_WARN_EMPTY_BODY = YES;
				CLANG_WARN_ENUM_CONVERSION = YES;
				CLANG_WARN_INFINITE_RECURSION = YES;
				CLANG_WARN_INT_CONVERSION = YES;
				CLANG_WARN_OBJC_ROOT_CLASS = YES_ERROR;
				CLANG_WARN_SUSPICIOUS_MOVE = YES;
				CLANG_WARN_UNREACHABLE_CODE = YES;
				CLANG_WARN__DUPLICATE_METHOD_MATCH = YES;
				"CODE_SIGN_IDENTITY[sdk=iphoneos*]" = "iPhone Developer";
				COPY_PHASE_STRIP = NO;
				DEBUG_INFORMATION_FORMAT = dwarf;
				ENABLE_STRICT_OBJC_MSGSEND = YES;
				ENABLE_TESTABILITY = YES;
				GCC_C_LANGUAGE_STANDARD = gnu99;
				GCC_DYNAMIC_NO_PIC = NO;
				GCC_NO_COMMON_BLOCKS = YES;
				GCC_OPTIMIZATION_LEVEL = 0;
				GCC_PREPROCESSOR_DEFINITIONS = (
					"DEBUG=1",
					"$(inherited)",
				);
				GCC_WARN_64_TO_32_BIT_CONVERSION = YES;
				GCC_WARN_ABOUT_RETURN_TYPE = YES_ERROR;
				GCC_WARN_UNDECLARED_SELECTOR = YES;
				GCC_WARN_UNINITIALIZED_AUTOS = YES_AGGRESSIVE;
				GCC_WARN_UNUSED_FUNCTION = YES;
				GCC_WARN_UNUSED_VARIABLE = YES;
				IPHONEOS_DEPLOYMENT_TARGET = 10.3;
				MTL_ENABLE_DEBUG_INFO = YES;
				ONLY_ACTIVE_ARCH = YES;
				SDKROOT = iphoneos;
				SWIFT_ACTIVE_COMPILATION_CONDITIONS = DEBUG;
				SWIFT_OPTIMIZATION_LEVEL = "-Onone";
				TARGETED_DEVICE_FAMILY = "1,2";
			};
			name = Debug;
		};
		CEA5B3E21EF779F100AD9853 /* Release */ = {
			isa = XCBuildConfiguration;
			buildSettings = {
				ALWAYS_SEARCH_USER_PATHS = NO;
				CLANG_ANALYZER_NONNULL = YES;
				CLANG_ANALYZER_NUMBER_OBJECT_CONVERSION = YES_AGGRESSIVE;
				CLANG_CXX_LANGUAGE_STANDARD = "gnu++0x";
				CLANG_CXX_LIBRARY = "libc++";
				CLANG_ENABLE_MODULES = YES;
				CLANG_ENABLE_OBJC_ARC = YES;
				CLANG_WARN_BOOL_CONVERSION = YES;
				CLANG_WARN_CONSTANT_CONVERSION = YES;
				CLANG_WARN_DIRECT_OBJC_ISA_USAGE = YES_ERROR;
				CLANG_WARN_DOCUMENTATION_COMMENTS = YES;
				CLANG_WARN_EMPTY_BODY = YES;
				CLANG_WARN_ENUM_CONVERSION = YES;
				CLANG_WARN_INFINITE_RECURSION = YES;
				CLANG_WARN_INT_CONVERSION = YES;
				CLANG_WARN_OBJC_ROOT_CLASS = YES_ERROR;
				CLANG_WARN_SUSPICIOUS_MOVE = YES;
				CLANG_WARN_UNREACHABLE_CODE = YES;
				CLANG_WARN__DUPLICATE_METHOD_MATCH = YES;
				"CODE_SIGN_IDENTITY[sdk=iphoneos*]" = "iPhone Developer";
				COPY_PHASE_STRIP = NO;
				DEBUG_INFORMATION_FORMAT = "dwarf-with-dsym";
				ENABLE_NS_ASSERTIONS = NO;
				ENABLE_STRICT_OBJC_MSGSEND = YES;
				GCC_C_LANGUAGE_STANDARD = gnu99;
				GCC_NO_COMMON_BLOCKS = YES;
				GCC_WARN_64_TO_32_BIT_CONVERSION = YES;
				GCC_WARN_ABOUT_RETURN_TYPE = YES_ERROR;
				GCC_WARN_UNDECLARED_SELECTOR = YES;
				GCC_WARN_UNINITIALIZED_AUTOS = YES_AGGRESSIVE;
				GCC_WARN_UNUSED_FUNCTION = YES;
				GCC_WARN_UNUSED_VARIABLE = YES;
				IPHONEOS_DEPLOYMENT_TARGET = 10.3;
				MTL_ENABLE_DEBUG_INFO = NO;
				SDKROOT = iphoneos;
				SWIFT_OPTIMIZATION_LEVEL = "-Owholemodule";
				TARGETED_DEVICE_FAMILY = "1,2";
				VALIDATE_PRODUCT = YES;
			};
			name = Release;
		};
		CEA5B3E41EF779F100AD9853 /* Debug */ = {
			isa = XCBuildConfiguration;
			buildSettings = {
				ASSETCATALOG_COMPILER_APPICON_NAME = AppIcon;
				INFOPLIST_FILE = UISearchController/Info.plist;
				LD_RUNPATH_SEARCH_PATHS = "$(inherited) @executable_path/Frameworks";
				PRODUCT_BUNDLE_IDENTIFIER = com.jianghongbing.UISearchController;
				PRODUCT_NAME = "$(TARGET_NAME)";
				SWIFT_VERSION = 3.0;
			};
			name = Debug;
		};
		CEA5B3E51EF779F100AD9853 /* Release */ = {
			isa = XCBuildConfiguration;
			buildSettings = {
				ASSETCATALOG_COMPILER_APPICON_NAME = AppIcon;
				INFOPLIST_FILE = UISearchController/Info.plist;
				LD_RUNPATH_SEARCH_PATHS = "$(inherited) @executable_path/Frameworks";
				PRODUCT_BUNDLE_IDENTIFIER = com.jianghongbing.UISearchController;
				PRODUCT_NAME = "$(TARGET_NAME)";
				SWIFT_VERSION = 3.0;
			};
			name = Release;
		};
/* End XCBuildConfiguration section */

/* Begin XCConfigurationList section */
		CEA5B3CC1EF779F100AD9853 /* Build configuration list for PBXProject "UISearchController" */ = {
			isa = XCConfigurationList;
			buildConfigurations = (
				CEA5B3E11EF779F100AD9853 /* Debug */,
				CEA5B3E21EF779F100AD9853 /* Release */,
			);
			defaultConfigurationIsVisible = 0;
			defaultConfigurationName = Release;
		};
		CEA5B3E31EF779F100AD9853 /* Build configuration list for PBXNativeTarget "UISearchController" */ = {
			isa = XCConfigurationList;
			buildConfigurations = (
				CEA5B3E41EF779F100AD9853 /* Debug */,
				CEA5B3E51EF779F100AD9853 /* Release */,
			);
			defaultConfigurationIsVisible = 0;
			defaultConfigurationName = Release;
		};
/* End XCConfigurationList section */
	};
	rootObject = CEA5B3C91EF779F100AD9853 /* Project object */;
}
