// !$*UTF8*$!
{
	archiveVersion = 1;
	classes = {
	};
	objectVersion = 46;
	objects = {

/* Begin PBXBuildFile section */
		CE368D2F1F14BBB500D8970D /* AppDelegate.swift in Sources */ = {isa = PBXBuildFile; fileRef = CE368D2E1F14BBB500D8970D /* AppDelegate.swift */; };
		CE368D311F14BBB500D8970D /* ViewController.swift in Sources */ = {isa = PBXBuildFile; fileRef = CE368D301F14BBB500D8970D /* ViewController.swift */; };
		CE368D341F14BBB500D8970D /* Main.storyboard in Resources */ = {isa = PBXBuildFile; fileRef = CE368D321F14BBB500D8970D /* Main.storyboard */; };
		CE368D361F14BBB500D8970D /* Assets.xcassets in Resources */ = {isa = PBXBuildFile; fileRef = CE368D351F14BBB500D8970D /* Assets.xcassets */; };
		CE368D391F14BBB500D8970D /* LaunchScreen.storyboard in Resources */ = {isa = PBXBuildFile; fileRef = CE368D371F14BBB500D8970D /* LaunchScreen.storyboard */; };
/* End PBXBuildFile section */

/* Begin PBXFileReference section */
		CE368D2B1F14BBB500D8970D /* UISegmentControl.app */ = {isa = PBXFileReference; explicitFileType = wrapper.application; includeInIndex = 0; path = UISegmentControl.app; sourceTree = BUILT_PRODUCTS_DIR; };
		CE368D2E1F14BBB500D8970D /* AppDelegate.swift */ = {isa = PBXFileReference; lastKnownFileType = sourcecode.swift; path = AppDelegate.swift; sourceTree = "<group>"; };
		CE368D301F14BBB500D8970D /* ViewController.swift */ = {isa = PBXFileReference; lastKnownFileType = sourcecode.swift; path = ViewController.swift; sourceTree = "<group>"; };
		CE368D331F14BBB500D8970D /* Base */ = {isa = PBXFileReference; lastKnownFileType = file.storyboard; name = Base; path = Base.lproj/Main.storyboard; sourceTree = "<group>"; };
		CE368D351F14BBB500D8970D /* Assets.xcassets */ = {isa = PBXFileReference; lastKnownFileType = folder.assetcatalog; path = Assets.xcassets; sourceTree = "<group>"; };
		CE368D381F14BBB500D8970D /* Base */ = {isa = PBXFileReference; lastKnownFileType = file.storyboard; name = Base; path = Base.lproj/LaunchScreen.storyboard; sourceTree = "<group>"; };
		CE368D3A1F14BBB500D8970D /* Info.plist */ = {isa = PBXFileReference; lastKnownFileType = text.plist.xml; path = Info.plist; sourceTree = "<group>"; };
/* End PBXFileReference section */

/* Begin PBXFrameworksBuildPhase section */
		CE368D281F14BBB500D8970D /* Frameworks */ = {
			isa = PBXFrameworksBuildPhase;
			buildActionMask = 2147483647;
			files = (
			);
			runOnlyForDeploymentPostprocessing = 0;
		};
/* End PBXFrameworksBuildPhase section */

/* Begin PBXGroup section */
		CE368D221F14BBB500D8970D = {
			isa = PBXGroup;
			children = (
				CE368D2D1F14BBB500D8970D /* UISegmentControl */,
				CE368D2C1F14BBB500D8970D /* Products */,
			);
			sourceTree = "<group>";
		};
		CE368D2C1F14BBB500D8970D /* Products */ = {
			isa = PBXGroup;
			children = (
				CE368D2B1F14BBB500D8970D /* UISegmentControl.app */,
			);
			name = Products;
			sourceTree = "<group>";
		};
		CE368D2D1F14BBB500D8970D /* UISegmentControl */ = {
			isa = PBXGroup;
			children = (
				CE368D2E1F14BBB500D8970D /* AppDelegate.swift */,
				CE368D301F14BBB500D8970D /* ViewController.swift */,
				CE368D321F14BBB500D8970D /* Main.storyboard */,
				CE368D351F14BBB500D8970D /* Assets.xcassets */,
				CE368D371F14BBB500D8970D /* LaunchScreen.storyboard */,
				CE368D3A1F14BBB500D8970D /* Info.plist */,
			);
			path = UISegmentControl;
			sourceTree = "<group>";
		};
/* End PBXGroup section */

/* Begin PBXNativeTarget section */
		CE368D2A1F14BBB500D8970D /* UISegmentControl */ = {
			isa = PBXNativeTarget;
			buildConfigurationList = CE368D3D1F14BBB500D8970D /* Build configuration list for PBXNativeTarget "UISegmentControl" */;
			buildPhases = (
				CE368D271F14BBB500D8970D /* Sources */,
				CE368D281F14BBB500D8970D /* Frameworks */,
				CE368D291F14BBB500D8970D /* Resources */,
			);
			buildRules = (
			);
			dependencies = (
			);
			name = UISegmentControl;
			productName = UISegmentControl;
			productReference = CE368D2B1F14BBB500D8970D /* UISegmentControl.app */;
			productType = "com.apple.product-type.application";
		};
/* End PBXNativeTarget section */

/* Begin PBXProject section */
		CE368D231F14BBB500D8970D /* Project object */ = {
			isa = PBXProject;
			attributes = {
				LastSwiftUpdateCheck = 0830;
				LastUpgradeCheck = 0830;
				ORGANIZATIONNAME = jianghongbing;
				TargetAttributes = {
					CE368D2A1F14BBB500D8970D = {
						CreatedOnToolsVersion = 8.3.3;
						ProvisioningStyle = Automatic;
					};
				};
			};
			buildConfigurationList = CE368D261F14BBB500D8970D /* Build configuration list for PBXProject "UISegmentControl" */;
			compatibilityVersion = "Xcode 3.2";
			developmentRegion = English;
			hasScannedForEncodings = 0;
			knownRegions = (
				en,
				Base,
			);
			mainGroup = CE368D221F14BBB500D8970D;
			productRefGroup = CE368D2C1F14BBB500D8970D /* Products */;
			projectDirPath = "";
			projectRoot = "";
			targets = (
				CE368D2A1F14BBB500D8970D /* UISegmentControl */,
			);
		};
/* End PBXProject section */

/* Begin PBXResourcesBuildPhase section */
		CE368D291F14BBB500D8970D /* Resources */ = {
			isa = PBXResourcesBuildPhase;
			buildActionMask = 2147483647;
			files = (
				CE368D391F14BBB500D8970D /* LaunchScreen.storyboard in Resources */,
				CE368D361F14BBB500D8970D /* Assets.xcassets in Resources */,
				CE368D341F14BBB500D8970D /* Main.storyboard in Resources */,
			);
			runOnlyForDeploymentPostprocessing = 0;
		};
/* End PBXResourcesBuildPhase section */

/* Begin PBXSourcesBuildPhase section */
		CE368D271F14BBB500D8970D /* Sources */ = {
			isa = PBXSourcesBuildPhase;
			buildActionMask = 2147483647;
			files = (
				CE368D311F14BBB500D8970D /* ViewController.swift in Sources */,
				CE368D2F1F14BBB500D8970D /* AppDelegate.swift in Sources */,
			);
			runOnlyForDeploymentPostprocessing = 0;
		};
/* End PBXSourcesBuildPhase section */

/* Begin PBXVariantGroup section */
		CE368D321F14BBB500D8970D /* Main.storyboard */ = {
			isa = PBXVariantGroup;
			children = (
				CE368D331F14BBB500D8970D /* Base */,
			);
			name = Main.storyboard;
			sourceTree = "<group>";
		};
		CE368D371F14BBB500D8970D /* LaunchScreen.storyboard */ = {
			isa = PBXVariantGroup;
			children = (
				CE368D381F14BBB500D8970D /* Base */,
			);
			name = LaunchScreen.storyboard;
			sourceTree = "<group>";
		};
/* End PBXVariantGroup section */

/* Begin XCBuildConfiguration section */
		CE368D3B1F14BBB500D8970D /* Debug */ = {
			isa = XCBuildConfiguration;
			buildSettings = {
				ALWAYS_SEARCH_USER_PATHS = NO;
				CLANG_ANALYZER_NONNULL = YES;
				CLANG_ANALYZER_NUMBER_OBJECT_CONVERSION = YES_AGGRESSIVE;
				CLANG_CXX_LANGUAGE_STANDARD = "gnu++0x";
				CLANG_CXX_LIBRARY = "libc++";
				CLANG_ENABLE_MODULES = YES;
				CLANG_ENABLE_OBJC_ARC = YES;
				CLANG_WARN_BOOL_CONVERSION = YES;
				CLANG_WARN_CONSTANT_CONVERSION = YES;
				CLANG_WARN_DIRECT_OBJC_ISA_USAGE = YES_ERROR;
				CLANG_WARN_DOCUMENTATION_COMMENTS = YES;
				CLANG_WARN_EMPTY_BODY = YES;
				CLANG_WARN_ENUM_CONVERSION = YES;
				CLANG_WARN_INFINITE_RECURSION = YES;
				CLANG_WARN_INT_CONVERSION = YES;
				CLANG_WARN_OBJC_ROOT_CLASS = YES_ERROR;
				CLANG_WARN_SUSPICIOUS_MOVE = YES;
				CLANG_WARN_UNREACHABLE_CODE = YES;
				CLANG_WARN__DUPLICATE_METHOD_MATCH = YES;
				"CODE_SIGN_IDENTITY[sdk=iphoneos*]" = "iPhone Developer";
				COPY_PHASE_STRIP = NO;
				DEBUG_INFORMATION_FORMAT = dwarf;
				ENABLE_STRICT_OBJC_MSGSEND = YES;
				ENABLE_TESTABILITY = YES;
				GCC_C_LANGUAGE_STANDARD = gnu99;
				GCC_DYNAMIC_NO_PIC = NO;
				GCC_NO_COMMON_BLOCKS = YES;
				GCC_OPTIMIZATION_LEVEL = 0;
				GCC_PREPROCESSOR_DEFINITIONS = (
					"DEBUG=1",
					"$(inherited)",
				);
				GCC_WARN_64_TO_32_BIT_CONVERSION = YES;
				GCC_WARN_ABOUT_RETURN_TYPE = YES_ERROR;
				GCC_WARN_UNDECLARED_SELECTOR = YES;
				GCC_WARN_UNINITIALIZED_AUTOS = YES_AGGRESSIVE;
				GCC_WARN_UNUSED_FUNCTION = YES;
				GCC_WARN_UNUSED_VARIABLE = YES;
				IPHONEOS_DEPLOYMENT_TARGET = 10.3;
				MTL_ENABLE_DEBUG_INFO = YES;
				ONLY_ACTIVE_ARCH = YES;
				SDKROOT = iphoneos;
				SWIFT_ACTIVE_COMPILATION_CONDITIONS = DEBUG;
				SWIFT_OPTIMIZATION_LEVEL = "-Onone";
				TARGETED_DEVICE_FAMILY = "1,2";
			};
			name = Debug;
		};
		CE368D3C1F14BBB500D8970D /* Release */ = {
			isa = XCBuildConfiguration;
			buildSettings = {
				ALWAYS_SEARCH_USER_PATHS = NO;
				CLANG_ANALYZER_NONNULL = YES;
				CLANG_ANALYZER_NUMBER_OBJECT_CONVERSION = YES_AGGRESSIVE;
				CLANG_CXX_LANGUAGE_STANDARD = "gnu++0x";
				CLANG_CXX_LIBRARY = "libc++";
				CLANG_ENABLE_MODULES = YES;
				CLANG_ENABLE_OBJC_ARC = YES;
				CLANG_WARN_BOOL_CONVERSION = YES;
				CLANG_WARN_CONSTANT_CONVERSION = YES;
				CLANG_WARN_DIRECT_OBJC_ISA_USAGE = YES_ERROR;
				CLANG_WARN_DOCUMENTATION_COMMENTS = YES;
				CLANG_WARN_EMPTY_BODY = YES;
				CLANG_WARN_ENUM_CONVERSION = YES;
				CLANG_WARN_INFINITE_RECURSION = YES;
				CLANG_WARN_INT_CONVERSION = YES;
				CLANG_WARN_OBJC_ROOT_CLASS = YES_ERROR;
				CLANG_WARN_SUSPICIOUS_MOVE = YES;
				CLANG_WARN_UNREACHABLE_CODE = YES;
				CLANG_WARN__DUPLICATE_METHOD_MATCH = YES;
				"CODE_SIGN_IDENTITY[sdk=iphoneos*]" = "iPhone Developer";
				COPY_PHASE_STRIP = NO;
				DEBUG_INFORMATION_FORMAT = "dwarf-with-dsym";
				ENABLE_NS_ASSERTIONS = NO;
				ENABLE_STRICT_OBJC_MSGSEND = YES;
				GCC_C_LANGUAGE_STANDARD = gnu99;
				GCC_NO_COMMON_BLOCKS = YES;
				GCC_WARN_64_TO_32_BIT_CONVERSION = YES;
				GCC_WARN_ABOUT_RETURN_TYPE = YES_ERROR;
				GCC_WARN_UNDECLARED_SELECTOR = YES;
				GCC_WARN_UNINITIALIZED_AUTOS = YES_AGGRESSIVE;
				GCC_WARN_UNUSED_FUNCTION = YES;
				GCC_WARN_UNUSED_VARIABLE = YES;
				IPHONEOS_DEPLOYMENT_TARGET = 10.3;
				MTL_ENABLE_DEBUG_INFO = NO;
				SDKROOT = iphoneos;
				SWIFT_OPTIMIZATION_LEVEL = "-Owholemodule";
				TARGETED_DEVICE_FAMILY = "1,2";
				VALIDATE_PRODUCT = YES;
			};
			name = Release;
		};
		CE368D3E1F14BBB500D8970D /* Debug */ = {
			isa = XCBuildConfiguration;
			buildSettings = {
				ASSETCATALOG_COMPILER_APPICON_NAME = AppIcon;
				INFOPLIST_FILE = UISegmentControl/Info.plist;
				LD_RUNPATH_SEARCH_PATHS = "$(inherited) @executable_path/Frameworks";
				PRODUCT_BUNDLE_IDENTIFIER = com.jianghongbing.UISegmentControl;
				PRODUCT_NAME = "$(TARGET_NAME)";
				SWIFT_VERSION = 3.0;
			};
			name = Debug;
		};
		CE368D3F1F14BBB500D8970D /* Release */ = {
			isa = XCBuildConfiguration;
			buildSettings = {
				ASSETCATALOG_COMPILER_APPICON_NAME = AppIcon;
				INFOPLIST_FILE = UISegmentControl/Info.plist;
				LD_RUNPATH_SEARCH_PATHS = "$(inherited) @executable_path/Frameworks";
				PRODUCT_BUNDLE_IDENTIFIER = com.jianghongbing.UISegmentControl;
				PRODUCT_NAME = "$(TARGET_NAME)";
				SWIFT_VERSION = 3.0;
			};
			name = Release;
		};
/* End XCBuildConfiguration section */

/* Begin XCConfigurationList section */
		CE368D261F14BBB500D8970D /* Build configuration list for PBXProject "UISegmentControl" */ = {
			isa = XCConfigurationList;
			buildConfigurations = (
				CE368D3B1F14BBB500D8970D /* Debug */,
				CE368D3C1F14BBB500D8970D /* Release */,
			);
			defaultConfigurationIsVisible = 0;
			defaultConfigurationName = Release;
		};
		CE368D3D1F14BBB500D8970D /* Build configuration list for PBXNativeTarget "UISegmentControl" */ = {
			isa = XCConfigurationList;
			buildConfigurations = (
				CE368D3E1F14BBB500D8970D /* Debug */,
				CE368D3F1F14BBB500D8970D /* Release */,
			);
			defaultConfigurationIsVisible = 0;
		};
/* End XCConfigurationList section */
	};
	rootObject = CE368D231F14BBB500D8970D /* Project object */;
}
