// !$*UTF8*$!
{
	archiveVersion = 1;
	classes = {
	};
	objectVersion = 48;
	objects = {

/* Begin PBXBuildFile section */
		CE349C851F94CC510022956F /* AppDelegate.m in Sources */ = {isa = PBXBuildFile; fileRef = CE349C841F94CC510022956F /* AppDelegate.m */; };
		CE349C881F94CC510022956F /* ViewController.m in Sources */ = {isa = PBXBuildFile; fileRef = CE349C871F94CC510022956F /* ViewController.m */; };
		CE349C8B1F94CC510022956F /* Main.storyboard in Resources */ = {isa = PBXBuildFile; fileRef = CE349C891F94CC510022956F /* Main.storyboard */; };
		CE349C8D1F94CC510022956F /* Assets.xcassets in Resources */ = {isa = PBXBuildFile; fileRef = CE349C8C1F94CC510022956F /* Assets.xcassets */; };
		CE349C901F94CC510022956F /* LaunchScreen.storyboard in Resources */ = {isa = PBXBuildFile; fileRef = CE349C8E1F94CC510022956F /* LaunchScreen.storyboard */; };
		CE349C931F94CC510022956F /* main.m in Sources */ = {isa = PBXBuildFile; fileRef = CE349C921F94CC510022956F /* main.m */; };
/* End PBXBuildFile section */

/* Begin PBXFileReference section */
		CE349C801F94CC510022956F /* NSTimeZone.app */ = {isa = PBXFileReference; explicitFileType = wrapper.application; includeInIndex = 0; path = NSTimeZone.app; sourceTree = BUILT_PRODUCTS_DIR; };
		CE349C831F94CC510022956F /* AppDelegate.h */ = {isa = PBXFileReference; lastKnownFileType = sourcecode.c.h; path = AppDelegate.h; sourceTree = "<group>"; };
		CE349C841F94CC510022956F /* AppDelegate.m */ = {isa = PBXFileReference; lastKnownFileType = sourcecode.c.objc; path = AppDelegate.m; sourceTree = "<group>"; };
		CE349C861F94CC510022956F /* ViewController.h */ = {isa = PBXFileReference; lastKnownFileType = sourcecode.c.h; path = ViewController.h; sourceTree = "<group>"; };
		CE349C871F94CC510022956F /* ViewController.m */ = {isa = PBXFileReference; lastKnownFileType = sourcecode.c.objc; path = ViewController.m; sourceTree = "<group>"; };
		CE349C8A1F94CC510022956F /* Base */ = {isa = PBXFileReference; lastKnownFileType = file.storyboard; name = Base; path = Base.lproj/Main.storyboard; sourceTree = "<group>"; };
		CE349C8C1F94CC510022956F /* Assets.xcassets */ = {isa = PBXFileReference; lastKnownFileType = folder.assetcatalog; path = Assets.xcassets; sourceTree = "<group>"; };
		CE349C8F1F94CC510022956F /* Base */ = {isa = PBXFileReference; lastKnownFileType = file.storyboard; name = Base; path = Base.lproj/LaunchScreen.storyboard; sourceTree = "<group>"; };
		CE349C911F94CC510022956F /* Info.plist */ = {isa = PBXFileReference; lastKnownFileType = text.plist.xml; path = Info.plist; sourceTree = "<group>"; };
		CE349C921F94CC510022956F /* main.m */ = {isa = PBXFileReference; lastKnownFileType = sourcecode.c.objc; path = main.m; sourceTree = "<group>"; };
/* End PBXFileReference section */

/* Begin PBXFrameworksBuildPhase section */
		CE349C7D1F94CC510022956F /* Frameworks */ = {
			isa = PBXFrameworksBuildPhase;
			buildActionMask = 2147483647;
			files = (
			);
			runOnlyForDeploymentPostprocessing = 0;
		};
/* End PBXFrameworksBuildPhase section */

/* Begin PBXGroup section */
		CE349C771F94CC500022956F = {
			isa = PBXGroup;
			children = (
				CE349C821F94CC510022956F /* NSTimeZone */,
				CE349C811F94CC510022956F /* Products */,
			);
			sourceTree = "<group>";
		};
		CE349C811F94CC510022956F /* Products */ = {
			isa = PBXGroup;
			children = (
				CE349C801F94CC510022956F /* NSTimeZone.app */,
			);
			name = Products;
			sourceTree = "<group>";
		};
		CE349C821F94CC510022956F /* NSTimeZone */ = {
			isa = PBXGroup;
			children = (
				CE349C831F94CC510022956F /* AppDelegate.h */,
				CE349C841F94CC510022956F /* AppDelegate.m */,
				CE349C861F94CC510022956F /* ViewController.h */,
				CE349C871F94CC510022956F /* ViewController.m */,
				CE349C891F94CC510022956F /* Main.storyboard */,
				CE349C8C1F94CC510022956F /* Assets.xcassets */,
				CE349C8E1F94CC510022956F /* LaunchScreen.storyboard */,
				CE349C911F94CC510022956F /* Info.plist */,
				CE349C921F94CC510022956F /* main.m */,
			);
			path = NSTimeZone;
			sourceTree = "<group>";
		};
/* End PBXGroup section */

/* Begin PBXNativeTarget section */
		CE349C7F1F94CC510022956F /* NSTimeZone */ = {
			isa = PBXNativeTarget;
			buildConfigurationList = CE349C961F94CC510022956F /* Build configuration list for PBXNativeTarget "NSTimeZone" */;
			buildPhases = (
				CE349C7C1F94CC510022956F /* Sources */,
				CE349C7D1F94CC510022956F /* Frameworks */,
				CE349C7E1F94CC510022956F /* Resources */,
			);
			buildRules = (
			);
			dependencies = (
			);
			name = NSTimeZone;
			productName = NSTimeZone;
			productReference = CE349C801F94CC510022956F /* NSTimeZone.app */;
			productType = "com.apple.product-type.application";
		};
/* End PBXNativeTarget section */

/* Begin PBXProject section */
		CE349C781F94CC500022956F /* Project object */ = {
			isa = PBXProject;
			attributes = {
				LastUpgradeCheck = 0900;
				ORGANIZATIONNAME = jianghongbing;
				TargetAttributes = {
					CE349C7F1F94CC510022956F = {
						CreatedOnToolsVersion = 9.0;
						ProvisioningStyle = Manual;
					};
				};
			};
			buildConfigurationList = CE349C7B1F94CC500022956F /* Build configuration list for PBXProject "NSTimeZone" */;
			compatibilityVersion = "Xcode 8.0";
			developmentRegion = en;
			hasScannedForEncodings = 0;
			knownRegions = (
				en,
				Base,
			);
			mainGroup = CE349C771F94CC500022956F;
			productRefGroup = CE349C811F94CC510022956F /* Products */;
			projectDirPath = "";
			projectRoot = "";
			targets = (
				CE349C7F1F94CC510022956F /* NSTimeZone */,
			);
		};
/* End PBXProject section */

/* Begin PBXResourcesBuildPhase section */
		CE349C7E1F94CC510022956F /* Resources */ = {
			isa = PBXResourcesBuildPhase;
			buildActionMask = 2147483647;
			files = (
				CE349C901F94CC510022956F /* LaunchScreen.storyboard in Resources */,
				CE349C8D1F94CC510022956F /* Assets.xcassets in Resources */,
				CE349C8B1F94CC510022956F /* Main.storyboard in Resources */,
			);
			runOnlyForDeploymentPostprocessing = 0;
		};
/* End PBXResourcesBuildPhase section */

/* Begin PBXSourcesBuildPhase section */
		CE349C7C1F94CC510022956F /* Sources */ = {
			isa = PBXSourcesBuildPhase;
			buildActionMask = 2147483647;
			files = (
				CE349C881F94CC510022956F /* ViewController.m in Sources */,
				CE349C931F94CC510022956F /* main.m in Sources */,
				CE349C851F94CC510022956F /* AppDelegate.m in Sources */,
			);
			runOnlyForDeploymentPostprocessing = 0;
		};
/* End PBXSourcesBuildPhase section */

/* Begin PBXVariantGroup section */
		CE349C891F94CC510022956F /* Main.storyboard */ = {
			isa = PBXVariantGroup;
			children = (
				CE349C8A1F94CC510022956F /* Base */,
			);
			name = Main.storyboard;
			sourceTree = "<group>";
		};
		CE349C8E1F94CC510022956F /* LaunchScreen.storyboard */ = {
			isa = PBXVariantGroup;
			children = (
				CE349C8F1F94CC510022956F /* Base */,
			);
			name = LaunchScreen.storyboard;
			sourceTree = "<group>";
		};
/* End PBXVariantGroup section */

/* Begin XCBuildConfiguration section */
		CE349C941F94CC510022956F /* Debug */ = {
			isa = XCBuildConfiguration;
			buildSettings = {
				ALWAYS_SEARCH_USER_PATHS = NO;
				CLANG_ANALYZER_NONNULL = YES;
				CLANG_ANALYZER_NUMBER_OBJECT_CONVERSION = YES_AGGRESSIVE;
				CLANG_CXX_LANGUAGE_STANDARD = "gnu++14";
				CLANG_CXX_LIBRARY = "libc++";
				CLANG_ENABLE_MODULES = YES;
				CLANG_ENABLE_OBJC_ARC = YES;
				CLANG_WARN_BLOCK_CAPTURE_AUTORELEASING = YES;
				CLANG_WARN_BOOL_CONVERSION = YES;
				CLANG_WARN_COMMA = YES;
				CLANG_WARN_CONSTANT_CONVERSION = YES;
				CLANG_WARN_DIRECT_OBJC_ISA_USAGE = YES_ERROR;
				CLANG_WARN_DOCUMENTATION_COMMENTS = YES;
				CLANG_WARN_EMPTY_BODY = YES;
				CLANG_WARN_ENUM_CONVERSION = YES;
				CLANG_WARN_INFINITE_RECURSION = YES;
				CLANG_WARN_INT_CONVERSION = YES;
				CLANG_WARN_NON_LITERAL_NULL_CONVERSION = YES;
				CLANG_WARN_OBJC_LITERAL_CONVERSION = YES;
				CLANG_WARN_OBJC_ROOT_CLASS = YES_ERROR;
				CLANG_WARN_RANGE_LOOP_ANALYSIS = YES;
				CLANG_WARN_STRICT_PROTOTYPES = YES;
				CLANG_WARN_SUSPICIOUS_MOVE = YES;
				CLANG_WARN_UNGUARDED_AVAILABILITY = YES_AGGRESSIVE;
				CLANG_WARN_UNREACHABLE_CODE = YES;
				CLANG_WARN__DUPLICATE_METHOD_MATCH = YES;
				CODE_SIGN_IDENTITY = "iPhone Developer";
				COPY_PHASE_STRIP = NO;
				DEBUG_INFORMATION_FORMAT = dwarf;
				ENABLE_STRICT_OBJC_MSGSEND = YES;
				ENABLE_TESTABILITY = YES;
				GCC_C_LANGUAGE_STANDARD = gnu11;
				GCC_DYNAMIC_NO_PIC = NO;
				GCC_NO_COMMON_BLOCKS = YES;
				GCC_OPTIMIZATION_LEVEL = 0;
				GCC_PREPROCESSOR_DEFINITIONS = (
					"DEBUG=1",
					"$(inherited)",
				);
				GCC_WARN_64_TO_32_BIT_CONVERSION = YES;
				GCC_WARN_ABOUT_RETURN_TYPE = YES_ERROR;
				GCC_WARN_UNDECLARED_SELECTOR = YES;
				GCC_WARN_UNINITIALIZED_AUTOS = YES_AGGRESSIVE;
				GCC_WARN_UNUSED_FUNCTION = YES;
				GCC_WARN_UNUSED_VARIABLE = YES;
				IPHONEOS_DEPLOYMENT_TARGET = 11.0;
				MTL_ENABLE_DEBUG_INFO = YES;
				ONLY_ACTIVE_ARCH = YES;
				SDKROOT = iphoneos;
			};
			name = Debug;
		};
		CE349C951F94CC510022956F /* Release */ = {
			isa = XCBuildConfiguration;
			buildSettings = {
				ALWAYS_SEARCH_USER_PATHS = NO;
				CLANG_ANALYZER_NONNULL = YES;
				CLANG_ANALYZER_NUMBER_OBJECT_CONVERSION = YES_AGGRESSIVE;
				CLANG_CXX_LANGUAGE_STANDARD = "gnu++14";
				CLANG_CXX_LIBRARY = "libc++";
				CLANG_ENABLE_MODULES = YES;
				CLANG_ENABLE_OBJC_ARC = YES;
				CLANG_WARN_BLOCK_CAPTURE_AUTORELEASING = YES;
				CLANG_WARN_BOOL_CONVERSION = YES;
				CLANG_WARN_COMMA = YES;
				CLANG_WARN_CONSTANT_CONVERSION = YES;
				CLANG_WARN_DIRECT_OBJC_ISA_USAGE = YES_ERROR;
				CLANG_WARN_DOCUMENTATION_COMMENTS = YES;
				CLANG_WARN_EMPTY_BODY = YES;
				CLANG_WARN_ENUM_CONVERSION = YES;
				CLANG_WARN_INFINITE_RECURSION = YES;
				CLANG_WARN_INT_CONVERSION = YES;
				CLANG_WARN_NON_LITERAL_NULL_CONVERSION = YES;
				CLANG_WARN_OBJC_LITERAL_CONVERSION = YES;
				CLANG_WARN_OBJC_ROOT_CLASS = YES_ERROR;
				CLANG_WARN_RANGE_LOOP_ANALYSIS = YES;
				CLANG_WARN_STRICT_PROTOTYPES = YES;
				CLANG_WARN_SUSPICIOUS_MOVE = YES;
				CLANG_WARN_UNGUARDED_AVAILABILITY = YES_AGGRESSIVE;
				CLANG_WARN_UNREACHABLE_CODE = YES;
				CLANG_WARN__DUPLICATE_METHOD_MATCH = YES;
				CODE_SIGN_IDENTITY = "iPhone Developer";
				COPY_PHASE_STRIP = NO;
				DEBUG_INFORMATION_FORMAT = "dwarf-with-dsym";
				ENABLE_NS_ASSERTIONS = NO;
				ENABLE_STRICT_OBJC_MSGSEND = YES;
				GCC_C_LANGUAGE_STANDARD = gnu11;
				GCC_NO_COMMON_BLOCKS = YES;
				GCC_WARN_64_TO_32_BIT_CONVERSION = YES;
				GCC_WARN_ABOUT_RETURN_TYPE = YES_ERROR;
				GCC_WARN_UNDECLARED_SELECTOR = YES;
				GCC_WARN_UNINITIALIZED_AUTOS = YES_AGGRESSIVE;
				GCC_WARN_UNUSED_FUNCTION = YES;
				GCC_WARN_UNUSED_VARIABLE = YES;
				IPHONEOS_DEPLOYMENT_TARGET = 11.0;
				MTL_ENABLE_DEBUG_INFO = NO;
				SDKROOT = iphoneos;
				VALIDATE_PRODUCT = YES;
			};
			name = Release;
		};
		CE349C971F94CC510022956F /* Debug */ = {
			isa = XCBuildConfiguration;
			buildSettings = {
				ASSETCATALOG_COMPILER_APPICON_NAME = AppIcon;
				CODE_SIGN_STYLE = Manual;
				DEVELOPMENT_TEAM = WSQMLX487W;
				INFOPLIST_FILE = NSTimeZone/Info.plist;
				IPHONEOS_DEPLOYMENT_TARGET = 10.0;
				LD_RUNPATH_SEARCH_PATHS = "$(inherited) @executable_path/Frameworks";
				PRODUCT_BUNDLE_IDENTIFIER = com.jianghongbing.NSTimeZone;
				PRODUCT_NAME = "$(TARGET_NAME)";
				PROVISIONING_PROFILE = "ac315010-6f26-4114-a3a0-5534ead47df4";
				PROVISIONING_PROFILE_SPECIFIER = ios_development;
				TARGETED_DEVICE_FAMILY = "1,2";
			};
			name = Debug;
		};
		CE349C981F94CC510022956F /* Release */ = {
			isa = XCBuildConfiguration;
			buildSettings = {
				ASSETCATALOG_COMPILER_APPICON_NAME = AppIcon;
				"CODE_SIGN_IDENTITY[sdk=iphoneos*]" = "iPhone Distribution";
				CODE_SIGN_STYLE = Manual;
				DEVELOPMENT_TEAM = WSQMLX487W;
				INFOPLIST_FILE = NSTimeZone/Info.plist;
				IPHONEOS_DEPLOYMENT_TARGET = 10.0;
				LD_RUNPATH_SEARCH_PATHS = "$(inherited) @executable_path/Frameworks";
				PRODUCT_BUNDLE_IDENTIFIER = com.jianghongbing.NSTimeZone;
				PRODUCT_NAME = "$(TARGET_NAME)";
				PROVISIONING_PROFILE = "2ab1313d-3ebb-41ce-a26a-d072783e01af";
				PROVISIONING_PROFILE_SPECIFIER = ios_adhoc;
				TARGETED_DEVICE_FAMILY = "1,2";
			};
			name = Release;
		};
/* End XCBuildConfiguration section */

/* Begin XCConfigurationList section */
		CE349C7B1F94CC500022956F /* Build configuration list for PBXProject "NSTimeZone" */ = {
			isa = XCConfigurationList;
			buildConfigurations = (
				CE349C941F94CC510022956F /* Debug */,
				CE349C951F94CC510022956F /* Release */,
			);
			defaultConfigurationIsVisible = 0;
			defaultConfigurationName = Release;
		};
		CE349C961F94CC510022956F /* Build configuration list for PBXNativeTarget "NSTimeZone" */ = {
			isa = XCConfigurationList;
			buildConfigurations = (
				CE349C971F94CC510022956F /* Debug */,
				CE349C981F94CC510022956F /* Release */,
			);
			defaultConfigurationIsVisible = 0;
			defaultConfigurationName = Release;
		};
/* End XCConfigurationList section */
	};
	rootObject = CE349C781F94CC500022956F /* Project object */;
}
