// !$*UTF8*$!
{
	archiveVersion = 1;
	classes = {
	};
	objectVersion = 50;
	objects = {

/* Begin PBXBuildFile section */
		CE0E7EAF2105ABD400CBBDC1 /* AppDelegate.swift in Sources */ = {isa = PBXBuildFile; fileRef = CE0E7EAE2105ABD400CBBDC1 /* AppDelegate.swift */; };
		CE0E7EB42105ABD400CBBDC1 /* Main.storyboard in Resources */ = {isa = PBXBuildFile; fileRef = CE0E7EB22105ABD400CBBDC1 /* Main.storyboard */; };
		CE0E7EB62105ABD500CBBDC1 /* Assets.xcassets in Resources */ = {isa = PBXBuildFile; fileRef = CE0E7EB52105ABD500CBBDC1 /* Assets.xcassets */; };
		CE0E7EB92105ABD500CBBDC1 /* LaunchScreen.storyboard in Resources */ = {isa = PBXBuildFile; fileRef = CE0E7EB72105ABD500CBBDC1 /* LaunchScreen.storyboard */; };
		CE0E7EC12105ACFC00CBBDC1 /* TableViewController.swift in Sources */ = {isa = PBXBuildFile; fileRef = CE0E7EC02105ACFB00CBBDC1 /* TableViewController.swift */; };
		CE0E7EC32105B6B200CBBDC1 /* CustomTransition1Delegate.swift in Sources */ = {isa = PBXBuildFile; fileRef = CE0E7EC22105B6B200CBBDC1 /* CustomTransition1Delegate.swift */; };
		CE0E7EC52105DC9200CBBDC1 /* CustomTransition2Delegate.swift in Sources */ = {isa = PBXBuildFile; fileRef = CE0E7EC42105DC9200CBBDC1 /* CustomTransition2Delegate.swift */; };
		CEFCD86A2106F93B00B903B3 /* CustomInteractiveTransition1Delegate.swift in Sources */ = {isa = PBXBuildFile; fileRef = CEFCD8692106F93B00B903B3 /* CustomInteractiveTransition1Delegate.swift */; };
		CEFCD86C2106FC6D00B903B3 /* PresentedViewController.swift in Sources */ = {isa = PBXBuildFile; fileRef = CEFCD86B2106FC6D00B903B3 /* PresentedViewController.swift */; };
		CEFCD86E2107017400B903B3 /* InteractiveTransitionAnimator.swift in Sources */ = {isa = PBXBuildFile; fileRef = CEFCD86D2107017400B903B3 /* InteractiveTransitionAnimator.swift */; };
		CEFCD8702107063300B903B3 /* CustomAnimator.swift in Sources */ = {isa = PBXBuildFile; fileRef = CEFCD86F2107063300B903B3 /* CustomAnimator.swift */; };
		CEFCD8722107201600B903B3 /* CustomInteractiveTransition2Delegate.swift in Sources */ = {isa = PBXBuildFile; fileRef = CEFCD8712107201600B903B3 /* CustomInteractiveTransition2Delegate.swift */; };
		CEFCD874210721D300B903B3 /* NavigationController.swift in Sources */ = {isa = PBXBuildFile; fileRef = CEFCD873210721D300B903B3 /* NavigationController.swift */; };
		CEFCD876210723FB00B903B3 /* InteractiveTransitionAnimator2.swift in Sources */ = {isa = PBXBuildFile; fileRef = CEFCD875210723FB00B903B3 /* InteractiveTransitionAnimator2.swift */; };
		CEFCD8782108174E00B903B3 /* PopAnimator.swift in Sources */ = {isa = PBXBuildFile; fileRef = CEFCD8772108174E00B903B3 /* PopAnimator.swift */; };
/* End PBXBuildFile section */

/* Begin PBXFileReference section */
		CE0E7EAB2105ABD400CBBDC1 /* UIViewControllerTransitioningDelegate.app */ = {isa = PBXFileReference; explicitFileType = wrapper.application; includeInIndex = 0; path = UIViewControllerTransitioningDelegate.app; sourceTree = BUILT_PRODUCTS_DIR; };
		CE0E7EAE2105ABD400CBBDC1 /* AppDelegate.swift */ = {isa = PBXFileReference; lastKnownFileType = sourcecode.swift; path = AppDelegate.swift; sourceTree = "<group>"; };
		CE0E7EB32105ABD400CBBDC1 /* Base */ = {isa = PBXFileReference; lastKnownFileType = file.storyboard; name = Base; path = Base.lproj/Main.storyboard; sourceTree = "<group>"; };
		CE0E7EB52105ABD500CBBDC1 /* Assets.xcassets */ = {isa = PBXFileReference; lastKnownFileType = folder.assetcatalog; path = Assets.xcassets; sourceTree = "<group>"; };
		CE0E7EB82105ABD500CBBDC1 /* Base */ = {isa = PBXFileReference; lastKnownFileType = file.storyboard; name = Base; path = Base.lproj/LaunchScreen.storyboard; sourceTree = "<group>"; };
		CE0E7EBA2105ABD500CBBDC1 /* Info.plist */ = {isa = PBXFileReference; lastKnownFileType = text.plist.xml; path = Info.plist; sourceTree = "<group>"; };
		CE0E7EC02105ACFB00CBBDC1 /* TableViewController.swift */ = {isa = PBXFileReference; lastKnownFileType = sourcecode.swift; path = TableViewController.swift; sourceTree = "<group>"; };
		CE0E7EC22105B6B200CBBDC1 /* CustomTransition1Delegate.swift */ = {isa = PBXFileReference; lastKnownFileType = sourcecode.swift; path = CustomTransition1Delegate.swift; sourceTree = "<group>"; };
		CE0E7EC42105DC9200CBBDC1 /* CustomTransition2Delegate.swift */ = {isa = PBXFileReference; lastKnownFileType = sourcecode.swift; path = CustomTransition2Delegate.swift; sourceTree = "<group>"; };
		CEFCD8692106F93B00B903B3 /* CustomInteractiveTransition1Delegate.swift */ = {isa = PBXFileReference; lastKnownFileType = sourcecode.swift; path = CustomInteractiveTransition1Delegate.swift; sourceTree = "<group>"; };
		CEFCD86B2106FC6D00B903B3 /* PresentedViewController.swift */ = {isa = PBXFileReference; lastKnownFileType = sourcecode.swift; path = PresentedViewController.swift; sourceTree = "<group>"; };
		CEFCD86D2107017400B903B3 /* InteractiveTransitionAnimator.swift */ = {isa = PBXFileReference; lastKnownFileType = sourcecode.swift; path = InteractiveTransitionAnimator.swift; sourceTree = "<group>"; };
		CEFCD86F2107063300B903B3 /* CustomAnimator.swift */ = {isa = PBXFileReference; lastKnownFileType = sourcecode.swift; path = CustomAnimator.swift; sourceTree = "<group>"; };
		CEFCD8712107201600B903B3 /* CustomInteractiveTransition2Delegate.swift */ = {isa = PBXFileReference; lastKnownFileType = sourcecode.swift; path = CustomInteractiveTransition2Delegate.swift; sourceTree = "<group>"; };
		CEFCD873210721D300B903B3 /* NavigationController.swift */ = {isa = PBXFileReference; lastKnownFileType = sourcecode.swift; path = NavigationController.swift; sourceTree = "<group>"; };
		CEFCD875210723FB00B903B3 /* InteractiveTransitionAnimator2.swift */ = {isa = PBXFileReference; lastKnownFileType = sourcecode.swift; path = InteractiveTransitionAnimator2.swift; sourceTree = "<group>"; };
		CEFCD8772108174E00B903B3 /* PopAnimator.swift */ = {isa = PBXFileReference; lastKnownFileType = sourcecode.swift; path = PopAnimator.swift; sourceTree = "<group>"; };
/* End PBXFileReference section */

/* Begin PBXFrameworksBuildPhase section */
		CE0E7EA82105ABD400CBBDC1 /* Frameworks */ = {
			isa = PBXFrameworksBuildPhase;
			buildActionMask = 2147483647;
			files = (
			);
			runOnlyForDeploymentPostprocessing = 0;
		};
/* End PBXFrameworksBuildPhase section */

/* Begin PBXGroup section */
		CE0E7EA22105ABD400CBBDC1 = {
			isa = PBXGroup;
			children = (
				CE0E7EAD2105ABD400CBBDC1 /* UIViewControllerTransitioningDelegate */,
				CE0E7EAC2105ABD400CBBDC1 /* Products */,
			);
			sourceTree = "<group>";
		};
		CE0E7EAC2105ABD400CBBDC1 /* Products */ = {
			isa = PBXGroup;
			children = (
				CE0E7EAB2105ABD400CBBDC1 /* UIViewControllerTransitioningDelegate.app */,
			);
			name = Products;
			sourceTree = "<group>";
		};
		CE0E7EAD2105ABD400CBBDC1 /* UIViewControllerTransitioningDelegate */ = {
			isa = PBXGroup;
			children = (
				CE0E7EAE2105ABD400CBBDC1 /* AppDelegate.swift */,
				CE0E7EC02105ACFB00CBBDC1 /* TableViewController.swift */,
				CE0E7EB22105ABD400CBBDC1 /* Main.storyboard */,
				CE0E7EB52105ABD500CBBDC1 /* Assets.xcassets */,
				CE0E7EB72105ABD500CBBDC1 /* LaunchScreen.storyboard */,
				CE0E7EBA2105ABD500CBBDC1 /* Info.plist */,
				CE0E7EC22105B6B200CBBDC1 /* CustomTransition1Delegate.swift */,
				CE0E7EC42105DC9200CBBDC1 /* CustomTransition2Delegate.swift */,
				CEFCD8692106F93B00B903B3 /* CustomInteractiveTransition1Delegate.swift */,
				CEFCD86B2106FC6D00B903B3 /* PresentedViewController.swift */,
				CEFCD86D2107017400B903B3 /* InteractiveTransitionAnimator.swift */,
				CEFCD86F2107063300B903B3 /* CustomAnimator.swift */,
				CEFCD8712107201600B903B3 /* CustomInteractiveTransition2Delegate.swift */,
				CEFCD873210721D300B903B3 /* NavigationController.swift */,
				CEFCD875210723FB00B903B3 /* InteractiveTransitionAnimator2.swift */,
				CEFCD8772108174E00B903B3 /* PopAnimator.swift */,
			);
			path = UIViewControllerTransitioningDelegate;
			sourceTree = "<group>";
		};
/* End PBXGroup section */

/* Begin PBXNativeTarget section */
		CE0E7EAA2105ABD400CBBDC1 /* UIViewControllerTransitioningDelegate */ = {
			isa = PBXNativeTarget;
			buildConfigurationList = CE0E7EBD2105ABD500CBBDC1 /* Build configuration list for PBXNativeTarget "UIViewControllerTransitioningDelegate" */;
			buildPhases = (
				CE0E7EA72105ABD400CBBDC1 /* Sources */,
				CE0E7EA82105ABD400CBBDC1 /* Frameworks */,
				CE0E7EA92105ABD400CBBDC1 /* Resources */,
			);
			buildRules = (
			);
			dependencies = (
			);
			name = UIViewControllerTransitioningDelegate;
			productName = UIViewControllerTransitioningDelegate;
			productReference = CE0E7EAB2105ABD400CBBDC1 /* UIViewControllerTransitioningDelegate.app */;
			productType = "com.apple.product-type.application";
		};
/* End PBXNativeTarget section */

/* Begin PBXProject section */
		CE0E7EA32105ABD400CBBDC1 /* Project object */ = {
			isa = PBXProject;
			attributes = {
				LastSwiftUpdateCheck = 0940;
				LastUpgradeCheck = 0940;
				ORGANIZATIONNAME = jianghongbing;
				TargetAttributes = {
					CE0E7EAA2105ABD400CBBDC1 = {
						CreatedOnToolsVersion = 9.4.1;
					};
				};
			};
			buildConfigurationList = CE0E7EA62105ABD400CBBDC1 /* Build configuration list for PBXProject "UIViewControllerTransitioningDelegate" */;
			compatibilityVersion = "Xcode 9.3";
			developmentRegion = en;
			hasScannedForEncodings = 0;
			knownRegions = (
				en,
				Base,
			);
			mainGroup = CE0E7EA22105ABD400CBBDC1;
			productRefGroup = CE0E7EAC2105ABD400CBBDC1 /* Products */;
			projectDirPath = "";
			projectRoot = "";
			targets = (
				CE0E7EAA2105ABD400CBBDC1 /* UIViewControllerTransitioningDelegate */,
			);
		};
/* End PBXProject section */

/* Begin PBXResourcesBuildPhase section */
		CE0E7EA92105ABD400CBBDC1 /* Resources */ = {
			isa = PBXResourcesBuildPhase;
			buildActionMask = 2147483647;
			files = (
				CE0E7EB92105ABD500CBBDC1 /* LaunchScreen.storyboard in Resources */,
				CE0E7EB62105ABD500CBBDC1 /* Assets.xcassets in Resources */,
				CE0E7EB42105ABD400CBBDC1 /* Main.storyboard in Resources */,
			);
			runOnlyForDeploymentPostprocessing = 0;
		};
/* End PBXResourcesBuildPhase section */

/* Begin PBXSourcesBuildPhase section */
		CE0E7EA72105ABD400CBBDC1 /* Sources */ = {
			isa = PBXSourcesBuildPhase;
			buildActionMask = 2147483647;
			files = (
				CEFCD8722107201600B903B3 /* CustomInteractiveTransition2Delegate.swift in Sources */,
				CE0E7EAF2105ABD400CBBDC1 /* AppDelegate.swift in Sources */,
				CE0E7EC52105DC9200CBBDC1 /* CustomTransition2Delegate.swift in Sources */,
				CEFCD86E2107017400B903B3 /* InteractiveTransitionAnimator.swift in Sources */,
				CEFCD86A2106F93B00B903B3 /* CustomInteractiveTransition1Delegate.swift in Sources */,
				CE0E7EC12105ACFC00CBBDC1 /* TableViewController.swift in Sources */,
				CEFCD8702107063300B903B3 /* CustomAnimator.swift in Sources */,
				CEFCD876210723FB00B903B3 /* InteractiveTransitionAnimator2.swift in Sources */,
				CEFCD874210721D300B903B3 /* NavigationController.swift in Sources */,
				CE0E7EC32105B6B200CBBDC1 /* CustomTransition1Delegate.swift in Sources */,
				CEFCD8782108174E00B903B3 /* PopAnimator.swift in Sources */,
				CEFCD86C2106FC6D00B903B3 /* PresentedViewController.swift in Sources */,
			);
			runOnlyForDeploymentPostprocessing = 0;
		};
/* End PBXSourcesBuildPhase section */

/* Begin PBXVariantGroup section */
		CE0E7EB22105ABD400CBBDC1 /* Main.storyboard */ = {
			isa = PBXVariantGroup;
			children = (
				CE0E7EB32105ABD400CBBDC1 /* Base */,
			);
			name = Main.storyboard;
			sourceTree = "<group>";
		};
		CE0E7EB72105ABD500CBBDC1 /* LaunchScreen.storyboard */ = {
			isa = PBXVariantGroup;
			children = (
				CE0E7EB82105ABD500CBBDC1 /* Base */,
			);
			name = LaunchScreen.storyboard;
			sourceTree = "<group>";
		};
/* End PBXVariantGroup section */

/* Begin XCBuildConfiguration section */
		CE0E7EBB2105ABD500CBBDC1 /* Debug */ = {
			isa = XCBuildConfiguration;
			buildSettings = {
				ALWAYS_SEARCH_USER_PATHS = NO;
				CLANG_ANALYZER_NONNULL = YES;
				CLANG_ANALYZER_NUMBER_OBJECT_CONVERSION = YES_AGGRESSIVE;
				CLANG_CXX_LANGUAGE_STANDARD = "gnu++14";
				CLANG_CXX_LIBRARY = "libc++";
				CLANG_ENABLE_MODULES = YES;
				CLANG_ENABLE_OBJC_ARC = YES;
				CLANG_ENABLE_OBJC_WEAK = YES;
				CLANG_WARN_BLOCK_CAPTURE_AUTORELEASING = YES;
				CLANG_WARN_BOOL_CONVERSION = YES;
				CLANG_WARN_COMMA = YES;
				CLANG_WARN_CONSTANT_CONVERSION = YES;
				CLANG_WARN_DEPRECATED_OBJC_IMPLEMENTATIONS = YES;
				CLANG_WARN_DIRECT_OBJC_ISA_USAGE = YES_ERROR;
				CLANG_WARN_DOCUMENTATION_COMMENTS = YES;
				CLANG_WARN_EMPTY_BODY = YES;
				CLANG_WARN_ENUM_CONVERSION = YES;
				CLANG_WARN_INFINITE_RECURSION = YES;
				CLANG_WARN_INT_CONVERSION = YES;
				CLANG_WARN_NON_LITERAL_NULL_CONVERSION = YES;
				CLANG_WARN_OBJC_IMPLICIT_RETAIN_SELF = YES;
				CLANG_WARN_OBJC_LITERAL_CONVERSION = YES;
				CLANG_WARN_OBJC_ROOT_CLASS = YES_ERROR;
				CLANG_WARN_RANGE_LOOP_ANALYSIS = YES;
				CLANG_WARN_STRICT_PROTOTYPES = YES;
				CLANG_WARN_SUSPICIOUS_MOVE = YES;
				CLANG_WARN_UNGUARDED_AVAILABILITY = YES_AGGRESSIVE;
				CLANG_WARN_UNREACHABLE_CODE = YES;
				CLANG_WARN__DUPLICATE_METHOD_MATCH = YES;
				CODE_SIGN_IDENTITY = "iPhone Developer";
				COPY_PHASE_STRIP = NO;
				DEBUG_INFORMATION_FORMAT = dwarf;
				ENABLE_STRICT_OBJC_MSGSEND = YES;
				ENABLE_TESTABILITY = YES;
				GCC_C_LANGUAGE_STANDARD = gnu11;
				GCC_DYNAMIC_NO_PIC = NO;
				GCC_NO_COMMON_BLOCKS = YES;
				GCC_OPTIMIZATION_LEVEL = 0;
				GCC_PREPROCESSOR_DEFINITIONS = (
					"DEBUG=1",
					"$(inherited)",
				);
				GCC_WARN_64_TO_32_BIT_CONVERSION = YES;
				GCC_WARN_ABOUT_RETURN_TYPE = YES_ERROR;
				GCC_WARN_UNDECLARED_SELECTOR = YES;
				GCC_WARN_UNINITIALIZED_AUTOS = YES_AGGRESSIVE;
				GCC_WARN_UNUSED_FUNCTION = YES;
				GCC_WARN_UNUSED_VARIABLE = YES;
				IPHONEOS_DEPLOYMENT_TARGET = 11.4;
				MTL_ENABLE_DEBUG_INFO = YES;
				ONLY_ACTIVE_ARCH = YES;
				SDKROOT = iphoneos;
				SWIFT_ACTIVE_COMPILATION_CONDITIONS = DEBUG;
				SWIFT_OPTIMIZATION_LEVEL = "-Onone";
			};
			name = Debug;
		};
		CE0E7EBC2105ABD500CBBDC1 /* Release */ = {
			isa = XCBuildConfiguration;
			buildSettings = {
				ALWAYS_SEARCH_USER_PATHS = NO;
				CLANG_ANALYZER_NONNULL = YES;
				CLANG_ANALYZER_NUMBER_OBJECT_CONVERSION = YES_AGGRESSIVE;
				CLANG_CXX_LANGUAGE_STANDARD = "gnu++14";
				CLANG_CXX_LIBRARY = "libc++";
				CLANG_ENABLE_MODULES = YES;
				CLANG_ENABLE_OBJC_ARC = YES;
				CLANG_ENABLE_OBJC_WEAK = YES;
				CLANG_WARN_BLOCK_CAPTURE_AUTORELEASING = YES;
				CLANG_WARN_BOOL_CONVERSION = YES;
				CLANG_WARN_COMMA = YES;
				CLANG_WARN_CONSTANT_CONVERSION = YES;
				CLANG_WARN_DEPRECATED_OBJC_IMPLEMENTATIONS = YES;
				CLANG_WARN_DIRECT_OBJC_ISA_USAGE = YES_ERROR;
				CLANG_WARN_DOCUMENTATION_COMMENTS = YES;
				CLANG_WARN_EMPTY_BODY = YES;
				CLANG_WARN_ENUM_CONVERSION = YES;
				CLANG_WARN_INFINITE_RECURSION = YES;
				CLANG_WARN_INT_CONVERSION = YES;
				CLANG_WARN_NON_LITERAL_NULL_CONVERSION = YES;
				CLANG_WARN_OBJC_IMPLICIT_RETAIN_SELF = YES;
				CLANG_WARN_OBJC_LITERAL_CONVERSION = YES;
				CLANG_WARN_OBJC_ROOT_CLASS = YES_ERROR;
				CLANG_WARN_RANGE_LOOP_ANALYSIS = YES;
				CLANG_WARN_STRICT_PROTOTYPES = YES;
				CLANG_WARN_SUSPICIOUS_MOVE = YES;
				CLANG_WARN_UNGUARDED_AVAILABILITY = YES_AGGRESSIVE;
				CLANG_WARN_UNREACHABLE_CODE = YES;
				CLANG_WARN__DUPLICATE_METHOD_MATCH = YES;
				CODE_SIGN_IDENTITY = "iPhone Developer";
				COPY_PHASE_STRIP = NO;
				DEBUG_INFORMATION_FORMAT = "dwarf-with-dsym";
				ENABLE_NS_ASSERTIONS = NO;
				ENABLE_STRICT_OBJC_MSGSEND = YES;
				GCC_C_LANGUAGE_STANDARD = gnu11;
				GCC_NO_COMMON_BLOCKS = YES;
				GCC_WARN_64_TO_32_BIT_CONVERSION = YES;
				GCC_WARN_ABOUT_RETURN_TYPE = YES_ERROR;
				GCC_WARN_UNDECLARED_SELECTOR = YES;
				GCC_WARN_UNINITIALIZED_AUTOS = YES_AGGRESSIVE;
				GCC_WARN_UNUSED_FUNCTION = YES;
				GCC_WARN_UNUSED_VARIABLE = YES;
				IPHONEOS_DEPLOYMENT_TARGET = 11.4;
				MTL_ENABLE_DEBUG_INFO = NO;
				SDKROOT = iphoneos;
				SWIFT_COMPILATION_MODE = wholemodule;
				SWIFT_OPTIMIZATION_LEVEL = "-O";
				VALIDATE_PRODUCT = YES;
			};
			name = Release;
		};
		CE0E7EBE2105ABD500CBBDC1 /* Debug */ = {
			isa = XCBuildConfiguration;
			buildSettings = {
				ASSETCATALOG_COMPILER_APPICON_NAME = AppIcon;
				CODE_SIGN_STYLE = Manual;
				DEVELOPMENT_TEAM = WSQMLX487W;
				INFOPLIST_FILE = UIViewControllerTransitioningDelegate/Info.plist;
				IPHONEOS_DEPLOYMENT_TARGET = 11.0;
				LD_RUNPATH_SEARCH_PATHS = (
					"$(inherited)",
					"@executable_path/Frameworks",
				);
				PRODUCT_BUNDLE_IDENTIFIER = com.jianghongbing.UIViewControllerTransitioningDelegate;
				PRODUCT_NAME = "$(TARGET_NAME)";
				PROVISIONING_PROFILE = "ac315010-6f26-4114-a3a0-5534ead47df4";
				PROVISIONING_PROFILE_SPECIFIER = ios_development;
				SWIFT_VERSION = 4.0;
				TARGETED_DEVICE_FAMILY = "1,2";
			};
			name = Debug;
		};
		CE0E7EBF2105ABD500CBBDC1 /* Release */ = {
			isa = XCBuildConfiguration;
			buildSettings = {
				ASSETCATALOG_COMPILER_APPICON_NAME = AppIcon;
				CODE_SIGN_IDENTITY = "iPhone Distribution";
				CODE_SIGN_STYLE = Manual;
				DEVELOPMENT_TEAM = WSQMLX487W;
				INFOPLIST_FILE = UIViewControllerTransitioningDelegate/Info.plist;
				IPHONEOS_DEPLOYMENT_TARGET = 11.0;
				LD_RUNPATH_SEARCH_PATHS = (
					"$(inherited)",
					"@executable_path/Frameworks",
				);
				PRODUCT_BUNDLE_IDENTIFIER = com.jianghongbing.UIViewControllerTransitioningDelegate;
				PRODUCT_NAME = "$(TARGET_NAME)";
				PROVISIONING_PROFILE = "2c438c19-9ebd-4e71-b034-f48e69817fea";
				PROVISIONING_PROFILE_SPECIFIER = ios_adhoc;
				SWIFT_VERSION = 4.0;
				TARGETED_DEVICE_FAMILY = "1,2";
			};
			name = Release;
		};
/* End XCBuildConfiguration section */

/* Begin XCConfigurationList section */
		CE0E7EA62105ABD400CBBDC1 /* Build configuration list for PBXProject "UIViewControllerTransitioningDelegate" */ = {
			isa = XCConfigurationList;
			buildConfigurations = (
				CE0E7EBB2105ABD500CBBDC1 /* Debug */,
				CE0E7EBC2105ABD500CBBDC1 /* Release */,
			);
			defaultConfigurationIsVisible = 0;
			defaultConfigurationName = Release;
		};
		CE0E7EBD2105ABD500CBBDC1 /* Build configuration list for PBXNativeTarget "UIViewControllerTransitioningDelegate" */ = {
			isa = XCConfigurationList;
			buildConfigurations = (
				CE0E7EBE2105ABD500CBBDC1 /* Debug */,
				CE0E7EBF2105ABD500CBBDC1 /* Release */,
			);
			defaultConfigurationIsVisible = 0;
			defaultConfigurationName = Release;
		};
/* End XCConfigurationList section */
	};
	rootObject = CE0E7EA32105ABD400CBBDC1 /* Project object */;
}
