// !$*UTF8*$!
{
	archiveVersion = 1;
	classes = {
	};
	objectVersion = 50;
	objects = {

/* Begin PBXBuildFile section */
		CE143FEA21269D6D00DA21FD /* DestinationViewController.swift in Sources */ = {isa = PBXBuildFile; fileRef = CE143FE921269D6D00DA21FD /* DestinationViewController.swift */; };
		CE143FEC2126A06C00DA21FD /* PresentationController.swift in Sources */ = {isa = PBXBuildFile; fileRef = CE143FEB2126A06C00DA21FD /* PresentationController.swift */; };
		CEF5DC74210B05C600EF05D7 /* AppDelegate.swift in Sources */ = {isa = PBXBuildFile; fileRef = CEF5DC73210B05C600EF05D7 /* AppDelegate.swift */; };
		CEF5DC76210B05C600EF05D7 /* ViewController.swift in Sources */ = {isa = PBXBuildFile; fileRef = CEF5DC75210B05C600EF05D7 /* ViewController.swift */; };
		CEF5DC79210B05C600EF05D7 /* Main.storyboard in Resources */ = {isa = PBXBuildFile; fileRef = CEF5DC77210B05C600EF05D7 /* Main.storyboard */; };
		CEF5DC7B210B05CB00EF05D7 /* Assets.xcassets in Resources */ = {isa = PBXBuildFile; fileRef = CEF5DC7A210B05CB00EF05D7 /* Assets.xcassets */; };
		CEF5DC7E210B05CB00EF05D7 /* LaunchScreen.storyboard in Resources */ = {isa = PBXBuildFile; fileRef = CEF5DC7C210B05CB00EF05D7 /* LaunchScreen.storyboard */; };
/* End PBXBuildFile section */

/* Begin PBXFileReference section */
		CE143FE921269D6D00DA21FD /* DestinationViewController.swift */ = {isa = PBXFileReference; lastKnownFileType = sourcecode.swift; path = DestinationViewController.swift; sourceTree = "<group>"; };
		CE143FEB2126A06C00DA21FD /* PresentationController.swift */ = {isa = PBXFileReference; lastKnownFileType = sourcecode.swift; path = PresentationController.swift; sourceTree = "<group>"; };
		CE5638DA212ABC650039C4CB /* UIPresentationController.md */ = {isa = PBXFileReference; lastKnownFileType = net.daringfireball.markdown; path = UIPresentationController.md; sourceTree = "<group>"; };
		CEF5DC70210B05C600EF05D7 /* UIPresentationController.app */ = {isa = PBXFileReference; explicitFileType = wrapper.application; includeInIndex = 0; path = UIPresentationController.app; sourceTree = BUILT_PRODUCTS_DIR; };
		CEF5DC73210B05C600EF05D7 /* AppDelegate.swift */ = {isa = PBXFileReference; lastKnownFileType = sourcecode.swift; path = AppDelegate.swift; sourceTree = "<group>"; };
		CEF5DC75210B05C600EF05D7 /* ViewController.swift */ = {isa = PBXFileReference; lastKnownFileType = sourcecode.swift; path = ViewController.swift; sourceTree = "<group>"; };
		CEF5DC78210B05C600EF05D7 /* Base */ = {isa = PBXFileReference; lastKnownFileType = file.storyboard; name = Base; path = Base.lproj/Main.storyboard; sourceTree = "<group>"; };
		CEF5DC7A210B05CB00EF05D7 /* Assets.xcassets */ = {isa = PBXFileReference; lastKnownFileType = folder.assetcatalog; path = Assets.xcassets; sourceTree = "<group>"; };
		CEF5DC7D210B05CB00EF05D7 /* Base */ = {isa = PBXFileReference; lastKnownFileType = file.storyboard; name = Base; path = Base.lproj/LaunchScreen.storyboard; sourceTree = "<group>"; };
		CEF5DC7F210B05CB00EF05D7 /* Info.plist */ = {isa = PBXFileReference; lastKnownFileType = text.plist.xml; path = Info.plist; sourceTree = "<group>"; };
/* End PBXFileReference section */

/* Begin PBXFrameworksBuildPhase section */
		CEF5DC6D210B05C600EF05D7 /* Frameworks */ = {
			isa = PBXFrameworksBuildPhase;
			buildActionMask = 2147483647;
			files = (
			);
			runOnlyForDeploymentPostprocessing = 0;
		};
/* End PBXFrameworksBuildPhase section */

/* Begin PBXGroup section */
		CEF5DC67210B05C600EF05D7 = {
			isa = PBXGroup;
			children = (
				CE5638DA212ABC650039C4CB /* UIPresentationController.md */,
				CEF5DC72210B05C600EF05D7 /* UIPresentationController */,
				CEF5DC71210B05C600EF05D7 /* Products */,
			);
			sourceTree = "<group>";
		};
		CEF5DC71210B05C600EF05D7 /* Products */ = {
			isa = PBXGroup;
			children = (
				CEF5DC70210B05C600EF05D7 /* UIPresentationController.app */,
			);
			name = Products;
			sourceTree = "<group>";
		};
		CEF5DC72210B05C600EF05D7 /* UIPresentationController */ = {
			isa = PBXGroup;
			children = (
				CEF5DC73210B05C600EF05D7 /* AppDelegate.swift */,
				CEF5DC75210B05C600EF05D7 /* ViewController.swift */,
				CEF5DC77210B05C600EF05D7 /* Main.storyboard */,
				CEF5DC7A210B05CB00EF05D7 /* Assets.xcassets */,
				CEF5DC7C210B05CB00EF05D7 /* LaunchScreen.storyboard */,
				CEF5DC7F210B05CB00EF05D7 /* Info.plist */,
				CE143FE921269D6D00DA21FD /* DestinationViewController.swift */,
				CE143FEB2126A06C00DA21FD /* PresentationController.swift */,
			);
			path = UIPresentationController;
			sourceTree = "<group>";
		};
/* End PBXGroup section */

/* Begin PBXNativeTarget section */
		CEF5DC6F210B05C600EF05D7 /* UIPresentationController */ = {
			isa = PBXNativeTarget;
			buildConfigurationList = CEF5DC82210B05CB00EF05D7 /* Build configuration list for PBXNativeTarget "UIPresentationController" */;
			buildPhases = (
				CEF5DC6C210B05C600EF05D7 /* Sources */,
				CEF5DC6D210B05C600EF05D7 /* Frameworks */,
				CEF5DC6E210B05C600EF05D7 /* Resources */,
			);
			buildRules = (
			);
			dependencies = (
			);
			name = UIPresentationController;
			productName = UIPresentationController;
			productReference = CEF5DC70210B05C600EF05D7 /* UIPresentationController.app */;
			productType = "com.apple.product-type.application";
		};
/* End PBXNativeTarget section */

/* Begin PBXProject section */
		CEF5DC68210B05C600EF05D7 /* Project object */ = {
			isa = PBXProject;
			attributes = {
				LastSwiftUpdateCheck = 0940;
				LastUpgradeCheck = 0940;
				ORGANIZATIONNAME = jianghongbing;
				TargetAttributes = {
					CEF5DC6F210B05C600EF05D7 = {
						CreatedOnToolsVersion = 9.4.1;
					};
				};
			};
			buildConfigurationList = CEF5DC6B210B05C600EF05D7 /* Build configuration list for PBXProject "UIPresentationController" */;
			compatibilityVersion = "Xcode 9.3";
			developmentRegion = en;
			hasScannedForEncodings = 0;
			knownRegions = (
				en,
				Base,
			);
			mainGroup = CEF5DC67210B05C600EF05D7;
			productRefGroup = CEF5DC71210B05C600EF05D7 /* Products */;
			projectDirPath = "";
			projectRoot = "";
			targets = (
				CEF5DC6F210B05C600EF05D7 /* UIPresentationController */,
			);
		};
/* End PBXProject section */

/* Begin PBXResourcesBuildPhase section */
		CEF5DC6E210B05C600EF05D7 /* Resources */ = {
			isa = PBXResourcesBuildPhase;
			buildActionMask = 2147483647;
			files = (
				CEF5DC7E210B05CB00EF05D7 /* LaunchScreen.storyboard in Resources */,
				CEF5DC7B210B05CB00EF05D7 /* Assets.xcassets in Resources */,
				CEF5DC79210B05C600EF05D7 /* Main.storyboard in Resources */,
			);
			runOnlyForDeploymentPostprocessing = 0;
		};
/* End PBXResourcesBuildPhase section */

/* Begin PBXSourcesBuildPhase section */
		CEF5DC6C210B05C600EF05D7 /* Sources */ = {
			isa = PBXSourcesBuildPhase;
			buildActionMask = 2147483647;
			files = (
				CEF5DC76210B05C600EF05D7 /* ViewController.swift in Sources */,
				CE143FEA21269D6D00DA21FD /* DestinationViewController.swift in Sources */,
				CEF5DC74210B05C600EF05D7 /* AppDelegate.swift in Sources */,
				CE143FEC2126A06C00DA21FD /* PresentationController.swift in Sources */,
			);
			runOnlyForDeploymentPostprocessing = 0;
		};
/* End PBXSourcesBuildPhase section */

/* Begin PBXVariantGroup section */
		CEF5DC77210B05C600EF05D7 /* Main.storyboard */ = {
			isa = PBXVariantGroup;
			children = (
				CEF5DC78210B05C600EF05D7 /* Base */,
			);
			name = Main.storyboard;
			sourceTree = "<group>";
		};
		CEF5DC7C210B05CB00EF05D7 /* LaunchScreen.storyboard */ = {
			isa = PBXVariantGroup;
			children = (
				CEF5DC7D210B05CB00EF05D7 /* Base */,
			);
			name = LaunchScreen.storyboard;
			sourceTree = "<group>";
		};
/* End PBXVariantGroup section */

/* Begin XCBuildConfiguration section */
		CEF5DC80210B05CB00EF05D7 /* Debug */ = {
			isa = XCBuildConfiguration;
			buildSettings = {
				ALWAYS_SEARCH_USER_PATHS = NO;
				CLANG_ANALYZER_NONNULL = YES;
				CLANG_ANALYZER_NUMBER_OBJECT_CONVERSION = YES_AGGRESSIVE;
				CLANG_CXX_LANGUAGE_STANDARD = "gnu++14";
				CLANG_CXX_LIBRARY = "libc++";
				CLANG_ENABLE_MODULES = YES;
				CLANG_ENABLE_OBJC_ARC = YES;
				CLANG_ENABLE_OBJC_WEAK = YES;
				CLANG_WARN_BLOCK_CAPTURE_AUTORELEASING = YES;
				CLANG_WARN_BOOL_CONVERSION = YES;
				CLANG_WARN_COMMA = YES;
				CLANG_WARN_CONSTANT_CONVERSION = YES;
				CLANG_WARN_DEPRECATED_OBJC_IMPLEMENTATIONS = YES;
				CLANG_WARN_DIRECT_OBJC_ISA_USAGE = YES_ERROR;
				CLANG_WARN_DOCUMENTATION_COMMENTS = YES;
				CLANG_WARN_EMPTY_BODY = YES;
				CLANG_WARN_ENUM_CONVERSION = YES;
				CLANG_WARN_INFINITE_RECURSION = YES;
				CLANG_WARN_INT_CONVERSION = YES;
				CLANG_WARN_NON_LITERAL_NULL_CONVERSION = YES;
				CLANG_WARN_OBJC_IMPLICIT_RETAIN_SELF = YES;
				CLANG_WARN_OBJC_LITERAL_CONVERSION = YES;
				CLANG_WARN_OBJC_ROOT_CLASS = YES_ERROR;
				CLANG_WARN_RANGE_LOOP_ANALYSIS = YES;
				CLANG_WARN_STRICT_PROTOTYPES = YES;
				CLANG_WARN_SUSPICIOUS_MOVE = YES;
				CLANG_WARN_UNGUARDED_AVAILABILITY = YES_AGGRESSIVE;
				CLANG_WARN_UNREACHABLE_CODE = YES;
				CLANG_WARN__DUPLICATE_METHOD_MATCH = YES;
				CODE_SIGN_IDENTITY = "iPhone Developer";
				COPY_PHASE_STRIP = NO;
				DEBUG_INFORMATION_FORMAT = dwarf;
				ENABLE_STRICT_OBJC_MSGSEND = YES;
				ENABLE_TESTABILITY = YES;
				GCC_C_LANGUAGE_STANDARD = gnu11;
				GCC_DYNAMIC_NO_PIC = NO;
				GCC_NO_COMMON_BLOCKS = YES;
				GCC_OPTIMIZATION_LEVEL = 0;
				GCC_PREPROCESSOR_DEFINITIONS = (
					"DEBUG=1",
					"$(inherited)",
				);
				GCC_WARN_64_TO_32_BIT_CONVERSION = YES;
				GCC_WARN_ABOUT_RETURN_TYPE = YES_ERROR;
				GCC_WARN_UNDECLARED_SELECTOR = YES;
				GCC_WARN_UNINITIALIZED_AUTOS = YES_AGGRESSIVE;
				GCC_WARN_UNUSED_FUNCTION = YES;
				GCC_WARN_UNUSED_VARIABLE = YES;
				IPHONEOS_DEPLOYMENT_TARGET = 11.4;
				MTL_ENABLE_DEBUG_INFO = YES;
				ONLY_ACTIVE_ARCH = YES;
				SDKROOT = iphoneos;
				SWIFT_ACTIVE_COMPILATION_CONDITIONS = DEBUG;
				SWIFT_OPTIMIZATION_LEVEL = "-Onone";
			};
			name = Debug;
		};
		CEF5DC81210B05CB00EF05D7 /* Release */ = {
			isa = XCBuildConfiguration;
			buildSettings = {
				ALWAYS_SEARCH_USER_PATHS = NO;
				CLANG_ANALYZER_NONNULL = YES;
				CLANG_ANALYZER_NUMBER_OBJECT_CONVERSION = YES_AGGRESSIVE;
				CLANG_CXX_LANGUAGE_STANDARD = "gnu++14";
				CLANG_CXX_LIBRARY = "libc++";
				CLANG_ENABLE_MODULES = YES;
				CLANG_ENABLE_OBJC_ARC = YES;
				CLANG_ENABLE_OBJC_WEAK = YES;
				CLANG_WARN_BLOCK_CAPTURE_AUTORELEASING = YES;
				CLANG_WARN_BOOL_CONVERSION = YES;
				CLANG_WARN_COMMA = YES;
				CLANG_WARN_CONSTANT_CONVERSION = YES;
				CLANG_WARN_DEPRECATED_OBJC_IMPLEMENTATIONS = YES;
				CLANG_WARN_DIRECT_OBJC_ISA_USAGE = YES_ERROR;
				CLANG_WARN_DOCUMENTATION_COMMENTS = YES;
				CLANG_WARN_EMPTY_BODY = YES;
				CLANG_WARN_ENUM_CONVERSION = YES;
				CLANG_WARN_INFINITE_RECURSION = YES;
				CLANG_WARN_INT_CONVERSION = YES;
				CLANG_WARN_NON_LITERAL_NULL_CONVERSION = YES;
				CLANG_WARN_OBJC_IMPLICIT_RETAIN_SELF = YES;
				CLANG_WARN_OBJC_LITERAL_CONVERSION = YES;
				CLANG_WARN_OBJC_ROOT_CLASS = YES_ERROR;
				CLANG_WARN_RANGE_LOOP_ANALYSIS = YES;
				CLANG_WARN_STRICT_PROTOTYPES = YES;
				CLANG_WARN_SUSPICIOUS_MOVE = YES;
				CLANG_WARN_UNGUARDED_AVAILABILITY = YES_AGGRESSIVE;
				CLANG_WARN_UNREACHABLE_CODE = YES;
				CLANG_WARN__DUPLICATE_METHOD_MATCH = YES;
				CODE_SIGN_IDENTITY = "iPhone Developer";
				COPY_PHASE_STRIP = NO;
				DEBUG_INFORMATION_FORMAT = "dwarf-with-dsym";
				ENABLE_NS_ASSERTIONS = NO;
				ENABLE_STRICT_OBJC_MSGSEND = YES;
				GCC_C_LANGUAGE_STANDARD = gnu11;
				GCC_NO_COMMON_BLOCKS = YES;
				GCC_WARN_64_TO_32_BIT_CONVERSION = YES;
				GCC_WARN_ABOUT_RETURN_TYPE = YES_ERROR;
				GCC_WARN_UNDECLARED_SELECTOR = YES;
				GCC_WARN_UNINITIALIZED_AUTOS = YES_AGGRESSIVE;
				GCC_WARN_UNUSED_FUNCTION = YES;
				GCC_WARN_UNUSED_VARIABLE = YES;
				IPHONEOS_DEPLOYMENT_TARGET = 11.4;
				MTL_ENABLE_DEBUG_INFO = NO;
				SDKROOT = iphoneos;
				SWIFT_COMPILATION_MODE = wholemodule;
				SWIFT_OPTIMIZATION_LEVEL = "-O";
				VALIDATE_PRODUCT = YES;
			};
			name = Release;
		};
		CEF5DC83210B05CB00EF05D7 /* Debug */ = {
			isa = XCBuildConfiguration;
			buildSettings = {
				ASSETCATALOG_COMPILER_APPICON_NAME = AppIcon;
				CODE_SIGN_STYLE = Manual;
				DEVELOPMENT_TEAM = WSQMLX487W;
				INFOPLIST_FILE = UIPresentationController/Info.plist;
				IPHONEOS_DEPLOYMENT_TARGET = 11.0;
				LD_RUNPATH_SEARCH_PATHS = (
					"$(inherited)",
					"@executable_path/Frameworks",
				);
				PRODUCT_BUNDLE_IDENTIFIER = com.jianghongbing.UIPresentationController;
				PRODUCT_NAME = "$(TARGET_NAME)";
				PROVISIONING_PROFILE = "b1e43f9b-3bb3-4653-8d37-ceb32278e2d8";
				PROVISIONING_PROFILE_SPECIFIER = ios_development;
				SWIFT_VERSION = 4.0;
				TARGETED_DEVICE_FAMILY = "1,2";
			};
			name = Debug;
		};
		CEF5DC84210B05CB00EF05D7 /* Release */ = {
			isa = XCBuildConfiguration;
			buildSettings = {
				ASSETCATALOG_COMPILER_APPICON_NAME = AppIcon;
				CODE_SIGN_IDENTITY = "iPhone Distribution";
				CODE_SIGN_STYLE = Manual;
				DEVELOPMENT_TEAM = WSQMLX487W;
				INFOPLIST_FILE = UIPresentationController/Info.plist;
				IPHONEOS_DEPLOYMENT_TARGET = 11.0;
				LD_RUNPATH_SEARCH_PATHS = (
					"$(inherited)",
					"@executable_path/Frameworks",
				);
				PRODUCT_BUNDLE_IDENTIFIER = com.jianghongbing.UIPresentationController;
				PRODUCT_NAME = "$(TARGET_NAME)";
				PROVISIONING_PROFILE = "2c438c19-9ebd-4e71-b034-f48e69817fea";
				PROVISIONING_PROFILE_SPECIFIER = ios_adhoc;
				SWIFT_VERSION = 4.0;
				TARGETED_DEVICE_FAMILY = "1,2";
			};
			name = Release;
		};
/* End XCBuildConfiguration section */

/* Begin XCConfigurationList section */
		CEF5DC6B210B05C600EF05D7 /* Build configuration list for PBXProject "UIPresentationController" */ = {
			isa = XCConfigurationList;
			buildConfigurations = (
				CEF5DC80210B05CB00EF05D7 /* Debug */,
				CEF5DC81210B05CB00EF05D7 /* Release */,
			);
			defaultConfigurationIsVisible = 0;
			defaultConfigurationName = Release;
		};
		CEF5DC82210B05CB00EF05D7 /* Build configuration list for PBXNativeTarget "UIPresentationController" */ = {
			isa = XCConfigurationList;
			buildConfigurations = (
				CEF5DC83210B05CB00EF05D7 /* Debug */,
				CEF5DC84210B05CB00EF05D7 /* Release */,
			);
			defaultConfigurationIsVisible = 0;
			defaultConfigurationName = Release;
		};
/* End XCConfigurationList section */
	};
	rootObject = CEF5DC68210B05C600EF05D7 /* Project object */;
}
