// !$*UTF8*$!
{
	archiveVersion = 1;
	classes = {
	};
	objectVersion = 48;
	objects = {

/* Begin PBXBuildFile section */
		CEA43EC71FAB1CF100371D18 /* ColorView.swift in Sources */ = {isa = PBXBuildFile; fileRef = CEA43EC61FAB1CF100371D18 /* ColorView.swift */; };
		CEB1991E1FA9DA03001FB2E1 /* AppDelegate.swift in Sources */ = {isa = PBXBuildFile; fileRef = CEB1991D1FA9DA03001FB2E1 /* AppDelegate.swift */; };
		CEB199201FA9DA03001FB2E1 /* ViewController.swift in Sources */ = {isa = PBXBuildFile; fileRef = CEB1991F1FA9DA03001FB2E1 /* ViewController.swift */; };
		CEB199231FA9DA03001FB2E1 /* Main.storyboard in Resources */ = {isa = PBXBuildFile; fileRef = CEB199211FA9DA03001FB2E1 /* Main.storyboard */; };
		CEB199251FA9DA03001FB2E1 /* Assets.xcassets in Resources */ = {isa = PBXBuildFile; fileRef = CEB199241FA9DA03001FB2E1 /* Assets.xcassets */; };
		CEB199281FA9DA03001FB2E1 /* LaunchScreen.storyboard in Resources */ = {isa = PBXBuildFile; fileRef = CEB199261FA9DA03001FB2E1 /* LaunchScreen.storyboard */; };
/* End PBXBuildFile section */

/* Begin PBXFileReference section */
		CEA43EC61FAB1CF100371D18 /* ColorView.swift */ = {isa = PBXFileReference; lastKnownFileType = sourcecode.swift; path = ColorView.swift; sourceTree = "<group>"; };
		CEB1991A1FA9DA03001FB2E1 /* UIColor.app */ = {isa = PBXFileReference; explicitFileType = wrapper.application; includeInIndex = 0; path = UIColor.app; sourceTree = BUILT_PRODUCTS_DIR; };
		CEB1991D1FA9DA03001FB2E1 /* AppDelegate.swift */ = {isa = PBXFileReference; lastKnownFileType = sourcecode.swift; path = AppDelegate.swift; sourceTree = "<group>"; };
		CEB1991F1FA9DA03001FB2E1 /* ViewController.swift */ = {isa = PBXFileReference; lastKnownFileType = sourcecode.swift; path = ViewController.swift; sourceTree = "<group>"; };
		CEB199221FA9DA03001FB2E1 /* Base */ = {isa = PBXFileReference; lastKnownFileType = file.storyboard; name = Base; path = Base.lproj/Main.storyboard; sourceTree = "<group>"; };
		CEB199241FA9DA03001FB2E1 /* Assets.xcassets */ = {isa = PBXFileReference; lastKnownFileType = folder.assetcatalog; path = Assets.xcassets; sourceTree = "<group>"; };
		CEB199271FA9DA03001FB2E1 /* Base */ = {isa = PBXFileReference; lastKnownFileType = file.storyboard; name = Base; path = Base.lproj/LaunchScreen.storyboard; sourceTree = "<group>"; };
		CEB199291FA9DA03001FB2E1 /* Info.plist */ = {isa = PBXFileReference; lastKnownFileType = text.plist.xml; path = Info.plist; sourceTree = "<group>"; };
/* End PBXFileReference section */

/* Begin PBXFrameworksBuildPhase section */
		CEB199171FA9DA03001FB2E1 /* Frameworks */ = {
			isa = PBXFrameworksBuildPhase;
			buildActionMask = 2147483647;
			files = (
			);
			runOnlyForDeploymentPostprocessing = 0;
		};
/* End PBXFrameworksBuildPhase section */

/* Begin PBXGroup section */
		CEB199111FA9DA03001FB2E1 = {
			isa = PBXGroup;
			children = (
				CEB1991C1FA9DA03001FB2E1 /* UIColor */,
				CEB1991B1FA9DA03001FB2E1 /* Products */,
			);
			sourceTree = "<group>";
		};
		CEB1991B1FA9DA03001FB2E1 /* Products */ = {
			isa = PBXGroup;
			children = (
				CEB1991A1FA9DA03001FB2E1 /* UIColor.app */,
			);
			name = Products;
			sourceTree = "<group>";
		};
		CEB1991C1FA9DA03001FB2E1 /* UIColor */ = {
			isa = PBXGroup;
			children = (
				CEB1991D1FA9DA03001FB2E1 /* AppDelegate.swift */,
				CEB1991F1FA9DA03001FB2E1 /* ViewController.swift */,
				CEB199211FA9DA03001FB2E1 /* Main.storyboard */,
				CEB199241FA9DA03001FB2E1 /* Assets.xcassets */,
				CEB199261FA9DA03001FB2E1 /* LaunchScreen.storyboard */,
				CEB199291FA9DA03001FB2E1 /* Info.plist */,
				CEA43EC61FAB1CF100371D18 /* ColorView.swift */,
			);
			path = UIColor;
			sourceTree = "<group>";
		};
/* End PBXGroup section */

/* Begin PBXNativeTarget section */
		CEB199191FA9DA03001FB2E1 /* UIColor */ = {
			isa = PBXNativeTarget;
			buildConfigurationList = CEB1992C1FA9DA03001FB2E1 /* Build configuration list for PBXNativeTarget "UIColor" */;
			buildPhases = (
				CEB199161FA9DA03001FB2E1 /* Sources */,
				CEB199171FA9DA03001FB2E1 /* Frameworks */,
				CEB199181FA9DA03001FB2E1 /* Resources */,
			);
			buildRules = (
			);
			dependencies = (
			);
			name = UIColor;
			productName = UIColor;
			productReference = CEB1991A1FA9DA03001FB2E1 /* UIColor.app */;
			productType = "com.apple.product-type.application";
		};
/* End PBXNativeTarget section */

/* Begin PBXProject section */
		CEB199121FA9DA03001FB2E1 /* Project object */ = {
			isa = PBXProject;
			attributes = {
				LastSwiftUpdateCheck = 0900;
				LastUpgradeCheck = 0900;
				ORGANIZATIONNAME = jianghongbing;
				TargetAttributes = {
					CEB199191FA9DA03001FB2E1 = {
						CreatedOnToolsVersion = 9.0;
						ProvisioningStyle = Automatic;
					};
				};
			};
			buildConfigurationList = CEB199151FA9DA03001FB2E1 /* Build configuration list for PBXProject "UIColor" */;
			compatibilityVersion = "Xcode 8.0";
			developmentRegion = en;
			hasScannedForEncodings = 0;
			knownRegions = (
				en,
				Base,
			);
			mainGroup = CEB199111FA9DA03001FB2E1;
			productRefGroup = CEB1991B1FA9DA03001FB2E1 /* Products */;
			projectDirPath = "";
			projectRoot = "";
			targets = (
				CEB199191FA9DA03001FB2E1 /* UIColor */,
			);
		};
/* End PBXProject section */

/* Begin PBXResourcesBuildPhase section */
		CEB199181FA9DA03001FB2E1 /* Resources */ = {
			isa = PBXResourcesBuildPhase;
			buildActionMask = 2147483647;
			files = (
				CEB199281FA9DA03001FB2E1 /* LaunchScreen.storyboard in Resources */,
				CEB199251FA9DA03001FB2E1 /* Assets.xcassets in Resources */,
				CEB199231FA9DA03001FB2E1 /* Main.storyboard in Resources */,
			);
			runOnlyForDeploymentPostprocessing = 0;
		};
/* End PBXResourcesBuildPhase section */

/* Begin PBXSourcesBuildPhase section */
		CEB199161FA9DA03001FB2E1 /* Sources */ = {
			isa = PBXSourcesBuildPhase;
			buildActionMask = 2147483647;
			files = (
				CEA43EC71FAB1CF100371D18 /* ColorView.swift in Sources */,
				CEB199201FA9DA03001FB2E1 /* ViewController.swift in Sources */,
				CEB1991E1FA9DA03001FB2E1 /* AppDelegate.swift in Sources */,
			);
			runOnlyForDeploymentPostprocessing = 0;
		};
/* End PBXSourcesBuildPhase section */

/* Begin PBXVariantGroup section */
		CEB199211FA9DA03001FB2E1 /* Main.storyboard */ = {
			isa = PBXVariantGroup;
			children = (
				CEB199221FA9DA03001FB2E1 /* Base */,
			);
			name = Main.storyboard;
			sourceTree = "<group>";
		};
		CEB199261FA9DA03001FB2E1 /* LaunchScreen.storyboard */ = {
			isa = PBXVariantGroup;
			children = (
				CEB199271FA9DA03001FB2E1 /* Base */,
			);
			name = LaunchScreen.storyboard;
			sourceTree = "<group>";
		};
/* End PBXVariantGroup section */

/* Begin XCBuildConfiguration section */
		CEB1992A1FA9DA03001FB2E1 /* Debug */ = {
			isa = XCBuildConfiguration;
			buildSettings = {
				ALWAYS_SEARCH_USER_PATHS = NO;
				CLANG_ANALYZER_NONNULL = YES;
				CLANG_ANALYZER_NUMBER_OBJECT_CONVERSION = YES_AGGRESSIVE;
				CLANG_CXX_LANGUAGE_STANDARD = "gnu++14";
				CLANG_CXX_LIBRARY = "libc++";
				CLANG_ENABLE_MODULES = YES;
				CLANG_ENABLE_OBJC_ARC = YES;
				CLANG_WARN_BLOCK_CAPTURE_AUTORELEASING = YES;
				CLANG_WARN_BOOL_CONVERSION = YES;
				CLANG_WARN_COMMA = YES;
				CLANG_WARN_CONSTANT_CONVERSION = YES;
				CLANG_WARN_DIRECT_OBJC_ISA_USAGE = YES_ERROR;
				CLANG_WARN_DOCUMENTATION_COMMENTS = YES;
				CLANG_WARN_EMPTY_BODY = YES;
				CLANG_WARN_ENUM_CONVERSION = YES;
				CLANG_WARN_INFINITE_RECURSION = YES;
				CLANG_WARN_INT_CONVERSION = YES;
				CLANG_WARN_NON_LITERAL_NULL_CONVERSION = YES;
				CLANG_WARN_OBJC_LITERAL_CONVERSION = YES;
				CLANG_WARN_OBJC_ROOT_CLASS = YES_ERROR;
				CLANG_WARN_RANGE_LOOP_ANALYSIS = YES;
				CLANG_WARN_STRICT_PROTOTYPES = YES;
				CLANG_WARN_SUSPICIOUS_MOVE = YES;
				CLANG_WARN_UNGUARDED_AVAILABILITY = YES_AGGRESSIVE;
				CLANG_WARN_UNREACHABLE_CODE = YES;
				CLANG_WARN__DUPLICATE_METHOD_MATCH = YES;
				CODE_SIGN_IDENTITY = "iPhone Developer";
				COPY_PHASE_STRIP = NO;
				DEBUG_INFORMATION_FORMAT = dwarf;
				ENABLE_STRICT_OBJC_MSGSEND = YES;
				ENABLE_TESTABILITY = YES;
				GCC_C_LANGUAGE_STANDARD = gnu11;
				GCC_DYNAMIC_NO_PIC = NO;
				GCC_NO_COMMON_BLOCKS = YES;
				GCC_OPTIMIZATION_LEVEL = 0;
				GCC_PREPROCESSOR_DEFINITIONS = (
					"DEBUG=1",
					"$(inherited)",
				);
				GCC_WARN_64_TO_32_BIT_CONVERSION = YES;
				GCC_WARN_ABOUT_RETURN_TYPE = YES_ERROR;
				GCC_WARN_UNDECLARED_SELECTOR = YES;
				GCC_WARN_UNINITIALIZED_AUTOS = YES_AGGRESSIVE;
				GCC_WARN_UNUSED_FUNCTION = YES;
				GCC_WARN_UNUSED_VARIABLE = YES;
				IPHONEOS_DEPLOYMENT_TARGET = 11.0;
				MTL_ENABLE_DEBUG_INFO = YES;
				ONLY_ACTIVE_ARCH = YES;
				SDKROOT = iphoneos;
				SWIFT_ACTIVE_COMPILATION_CONDITIONS = DEBUG;
				SWIFT_OPTIMIZATION_LEVEL = "-Onone";
			};
			name = Debug;
		};
		CEB1992B1FA9DA03001FB2E1 /* Release */ = {
			isa = XCBuildConfiguration;
			buildSettings = {
				ALWAYS_SEARCH_USER_PATHS = NO;
				CLANG_ANALYZER_NONNULL = YES;
				CLANG_ANALYZER_NUMBER_OBJECT_CONVERSION = YES_AGGRESSIVE;
				CLANG_CXX_LANGUAGE_STANDARD = "gnu++14";
				CLANG_CXX_LIBRARY = "libc++";
				CLANG_ENABLE_MODULES = YES;
				CLANG_ENABLE_OBJC_ARC = YES;
				CLANG_WARN_BLOCK_CAPTURE_AUTORELEASING = YES;
				CLANG_WARN_BOOL_CONVERSION = YES;
				CLANG_WARN_COMMA = YES;
				CLANG_WARN_CONSTANT_CONVERSION = YES;
				CLANG_WARN_DIRECT_OBJC_ISA_USAGE = YES_ERROR;
				CLANG_WARN_DOCUMENTATION_COMMENTS = YES;
				CLANG_WARN_EMPTY_BODY = YES;
				CLANG_WARN_ENUM_CONVERSION = YES;
				CLANG_WARN_INFINITE_RECURSION = YES;
				CLANG_WARN_INT_CONVERSION = YES;
				CLANG_WARN_NON_LITERAL_NULL_CONVERSION = YES;
				CLANG_WARN_OBJC_LITERAL_CONVERSION = YES;
				CLANG_WARN_OBJC_ROOT_CLASS = YES_ERROR;
				CLANG_WARN_RANGE_LOOP_ANALYSIS = YES;
				CLANG_WARN_STRICT_PROTOTYPES = YES;
				CLANG_WARN_SUSPICIOUS_MOVE = YES;
				CLANG_WARN_UNGUARDED_AVAILABILITY = YES_AGGRESSIVE;
				CLANG_WARN_UNREACHABLE_CODE = YES;
				CLANG_WARN__DUPLICATE_METHOD_MATCH = YES;
				CODE_SIGN_IDENTITY = "iPhone Developer";
				COPY_PHASE_STRIP = NO;
				DEBUG_INFORMATION_FORMAT = "dwarf-with-dsym";
				ENABLE_NS_ASSERTIONS = NO;
				ENABLE_STRICT_OBJC_MSGSEND = YES;
				GCC_C_LANGUAGE_STANDARD = gnu11;
				GCC_NO_COMMON_BLOCKS = YES;
				GCC_WARN_64_TO_32_BIT_CONVERSION = YES;
				GCC_WARN_ABOUT_RETURN_TYPE = YES_ERROR;
				GCC_WARN_UNDECLARED_SELECTOR = YES;
				GCC_WARN_UNINITIALIZED_AUTOS = YES_AGGRESSIVE;
				GCC_WARN_UNUSED_FUNCTION = YES;
				GCC_WARN_UNUSED_VARIABLE = YES;
				IPHONEOS_DEPLOYMENT_TARGET = 11.0;
				MTL_ENABLE_DEBUG_INFO = NO;
				SDKROOT = iphoneos;
				SWIFT_OPTIMIZATION_LEVEL = "-Owholemodule";
				VALIDATE_PRODUCT = YES;
			};
			name = Release;
		};
		CEB1992D1FA9DA03001FB2E1 /* Debug */ = {
			isa = XCBuildConfiguration;
			buildSettings = {
				ASSETCATALOG_COMPILER_APPICON_NAME = AppIcon;
				CODE_SIGN_STYLE = Automatic;
				INFOPLIST_FILE = UIColor/Info.plist;
				LD_RUNPATH_SEARCH_PATHS = "$(inherited) @executable_path/Frameworks";
				PRODUCT_BUNDLE_IDENTIFIER = com.jianghongbing.UIColor;
				PRODUCT_NAME = "$(TARGET_NAME)";
				SWIFT_VERSION = 4.0;
				TARGETED_DEVICE_FAMILY = "1,2";
			};
			name = Debug;
		};
		CEB1992E1FA9DA03001FB2E1 /* Release */ = {
			isa = XCBuildConfiguration;
			buildSettings = {
				ASSETCATALOG_COMPILER_APPICON_NAME = AppIcon;
				CODE_SIGN_STYLE = Automatic;
				INFOPLIST_FILE = UIColor/Info.plist;
				LD_RUNPATH_SEARCH_PATHS = "$(inherited) @executable_path/Frameworks";
				PRODUCT_BUNDLE_IDENTIFIER = com.jianghongbing.UIColor;
				PRODUCT_NAME = "$(TARGET_NAME)";
				SWIFT_VERSION = 4.0;
				TARGETED_DEVICE_FAMILY = "1,2";
			};
			name = Release;
		};
/* End XCBuildConfiguration section */

/* Begin XCConfigurationList section */
		CEB199151FA9DA03001FB2E1 /* Build configuration list for PBXProject "UIColor" */ = {
			isa = XCConfigurationList;
			buildConfigurations = (
				CEB1992A1FA9DA03001FB2E1 /* Debug */,
				CEB1992B1FA9DA03001FB2E1 /* Release */,
			);
			defaultConfigurationIsVisible = 0;
			defaultConfigurationName = Release;
		};
		CEB1992C1FA9DA03001FB2E1 /* Build configuration list for PBXNativeTarget "UIColor" */ = {
			isa = XCConfigurationList;
			buildConfigurations = (
				CEB1992D1FA9DA03001FB2E1 /* Debug */,
				CEB1992E1FA9DA03001FB2E1 /* Release */,
			);
			defaultConfigurationIsVisible = 0;
			defaultConfigurationName = Release;
		};
/* End XCConfigurationList section */
	};
	rootObject = CEB199121FA9DA03001FB2E1 /* Project object */;
}
